// !$*UTF8*$!
{
	archiveVersion = 1;
	classes = {
	};
	objectVersion = 51;
	objects = {

/* Begin PBXBuildFile section */
		01353A6F1CF64DEA27C18925 /* Pods_Yosomono_YosomonoUITests.framework in Frameworks */ = {isa = PBXBuildFile; fileRef = 129F87F2B9F82AF648B2717B /* Pods_Yosomono_YosomonoUITests.framework */; };
		5E3E0228893F0012CEE36D51 /* Pods_Yosomono.framework in Frameworks */ = {isa = PBXBuildFile; fileRef = 357FB0ABEDC5C338D5CC0746 /* Pods_Yosomono.framework */; };
		75190BEE11386AFA666077DD /* Pods_YosomonoTests.framework in Frameworks */ = {isa = PBXBuildFile; fileRef = F6F755F0E01CEA2B288BC331 /* Pods_YosomonoTests.framework */; };
		CF037E0924F3353300BAB8AE /* LargeTextField.swift in Sources */ = {isa = PBXBuildFile; fileRef = CF037E0824F3353300BAB8AE /* LargeTextField.swift */; };
		CF037E0B24F3371200BAB8AE /* LargeSecureField.swift in Sources */ = {isa = PBXBuildFile; fileRef = CF037E0A24F3371200BAB8AE /* LargeSecureField.swift */; };
		CF4AE2A025000E4000477E01 /* SelectableTagListView.swift in Sources */ = {isa = PBXBuildFile; fileRef = CF4AE29F25000E4000477E01 /* SelectableTagListView.swift */; };
		CF75B4BF25037127005745F4 /* RetailersSelectView.swift in Sources */ = {isa = PBXBuildFile; fileRef = CF75B4BE25037127005745F4 /* RetailersSelectView.swift */; };
		CF75B4C1250400EB005745F4 /* RemovableTagListView.swift in Sources */ = {isa = PBXBuildFile; fileRef = CF75B4C0250400EB005745F4 /* RemovableTagListView.swift */; };
		CF927C2524EB897D00EB51F8 /* SceneDelegate.swift in Sources */ = {isa = PBXBuildFile; fileRef = CF927C2424EB897D00EB51F8 /* SceneDelegate.swift */; };
		CF927C2724EB897D00EB51F8 /* AppTabView.swift in Sources */ = {isa = PBXBuildFile; fileRef = CF927C2624EB897D00EB51F8 /* AppTabView.swift */; };
		CF927C2924EB897E00EB51F8 /* Assets.xcassets in Resources */ = {isa = PBXBuildFile; fileRef = CF927C2824EB897E00EB51F8 /* Assets.xcassets */; };
		CF927C2C24EB897E00EB51F8 /* Preview Assets.xcassets in Resources */ = {isa = PBXBuildFile; fileRef = CF927C2B24EB897E00EB51F8 /* Preview Assets.xcassets */; };
		CF927C2F24EB897E00EB51F8 /* LaunchScreen.storyboard in Resources */ = {isa = PBXBuildFile; fileRef = CF927C2D24EB897E00EB51F8 /* LaunchScreen.storyboard */; };
		CF927C3A24EB897E00EB51F8 /* YosomonoTests.swift in Sources */ = {isa = PBXBuildFile; fileRef = CF927C3924EB897E00EB51F8 /* YosomonoTests.swift */; };
		CF927C4524EB897E00EB51F8 /* YosomonoUITests.swift in Sources */ = {isa = PBXBuildFile; fileRef = CF927C4424EB897E00EB51F8 /* YosomonoUITests.swift */; };
		CF927C5324EB8FDC00EB51F8 /* GoogleService-Info.plist in Resources */ = {isa = PBXBuildFile; fileRef = CF927C5224EB8FDC00EB51F8 /* GoogleService-Info.plist */; };
		CF927C5524EB998F00EB51F8 /* ProfileView.swift in Sources */ = {isa = PBXBuildFile; fileRef = CF927C5424EB998F00EB51F8 /* ProfileView.swift */; };
		CF927C5724EB99DA00EB51F8 /* LoginView.swift in Sources */ = {isa = PBXBuildFile; fileRef = CF927C5624EB99DA00EB51F8 /* LoginView.swift */; };
		CF927C5B24EB9A4D00EB51F8 /* Constants.swift in Sources */ = {isa = PBXBuildFile; fileRef = CF927C5A24EB9A4D00EB51F8 /* Constants.swift */; };
		CF927C5D24EB9AC800EB51F8 /* AppProtocols.swift in Sources */ = {isa = PBXBuildFile; fileRef = CF927C5C24EB9AC800EB51F8 /* AppProtocols.swift */; };
		CF927C5F24EC816900EB51F8 /* AppExtensions.swift in Sources */ = {isa = PBXBuildFile; fileRef = CF927C5E24EC816900EB51F8 /* AppExtensions.swift */; };
		CF927C6124ED9D0300EB51F8 /* ButtonContentView.swift in Sources */ = {isa = PBXBuildFile; fileRef = CF927C6024ED9D0300EB51F8 /* ButtonContentView.swift */; };
		CF927C6324EDD58000EB51F8 /* RegisterView.swift in Sources */ = {isa = PBXBuildFile; fileRef = CF927C6224EDD58000EB51F8 /* RegisterView.swift */; };
		CF927C6524EDE32B00EB51F8 /* AccountView.swift in Sources */ = {isa = PBXBuildFile; fileRef = CF927C6424EDE32A00EB51F8 /* AccountView.swift */; };
		CF927C6A24EF43D100EB51F8 /* ScanView.swift in Sources */ = {isa = PBXBuildFile; fileRef = CF927C6924EF43D100EB51F8 /* ScanView.swift */; };
		CF927C6C24EF44ED00EB51F8 /* ItemAddView.swift in Sources */ = {isa = PBXBuildFile; fileRef = CF927C6B24EF44ED00EB51F8 /* ItemAddView.swift */; };
		CF927C7124F0981600EB51F8 /* CodeScanner.swift in Sources */ = {isa = PBXBuildFile; fileRef = CF927C7024F0981600EB51F8 /* CodeScanner.swift */; };
		CF927C7324F1D6D900EB51F8 /* UPCService.swift in Sources */ = {isa = PBXBuildFile; fileRef = CF927C7224F1D6D900EB51F8 /* UPCService.swift */; };
		CF927C7524F1DE0D00EB51F8 /* Product.swift in Sources */ = {isa = PBXBuildFile; fileRef = CF927C7424F1DE0D00EB51F8 /* Product.swift */; };
		CFBBEA8E2502048A00D6F4F6 /* FirestoreService.swift in Sources */ = {isa = PBXBuildFile; fileRef = CFBBEA8D2502048A00D6F4F6 /* FirestoreService.swift */; };
		CFC3A4A42515D7EC009601D8 /* ViewModel.swift in Sources */ = {isa = PBXBuildFile; fileRef = CFC3A4A32515D7EC009601D8 /* ViewModel.swift */; };
		CFC3A4AC2515DBDB009601D8 /* AppDelegate.swift in Sources */ = {isa = PBXBuildFile; fileRef = CFC3A4AB2515DBDB009601D8 /* AppDelegate.swift */; };
		CFC3A4B82515DEB5009601D8 /* ProfileViewModel.swift in Sources */ = {isa = PBXBuildFile; fileRef = CFC3A4B72515DEB5009601D8 /* ProfileViewModel.swift */; };
		CFC3A4C025172587009601D8 /* AuthenticationState.swift in Sources */ = {isa = PBXBuildFile; fileRef = CFC3A4BF25172587009601D8 /* AuthenticationState.swift */; };
		CFC3A4D62519C7E7009601D8 /* Localizable.strings in Resources */ = {isa = PBXBuildFile; fileRef = CFC3A4D82519C7E7009601D8 /* Localizable.strings */; };
		CFC3A4DF2519CDDE009601D8 /* AuthError.swift in Sources */ = {isa = PBXBuildFile; fileRef = CFC3A4DE2519CDDE009601D8 /* AuthError.swift */; };
		CFCB95D524FC93D800B08BA4 /* CameraView.swift in Sources */ = {isa = PBXBuildFile; fileRef = CFCB95D424FC93D800B08BA4 /* CameraView.swift */; };
		CFCB95D724FC941B00B08BA4 /* ImagePicker.swift in Sources */ = {isa = PBXBuildFile; fileRef = CFCB95D624FC941B00B08BA4 /* ImagePicker.swift */; };
/* End PBXBuildFile section */

/* Begin PBXContainerItemProxy section */
		CF927C3624EB897E00EB51F8 /* PBXContainerItemProxy */ = {
			isa = PBXContainerItemProxy;
			containerPortal = CF927C1724EB897D00EB51F8 /* Project object */;
			proxyType = 1;
			remoteGlobalIDString = CF927C1E24EB897D00EB51F8;
			remoteInfo = Yosomono;
		};
		CF927C4124EB897E00EB51F8 /* PBXContainerItemProxy */ = {
			isa = PBXContainerItemProxy;
			containerPortal = CF927C1724EB897D00EB51F8 /* Project object */;
			proxyType = 1;
			remoteGlobalIDString = CF927C1E24EB897D00EB51F8;
			remoteInfo = Yosomono;
		};
/* End PBXContainerItemProxy section */

/* Begin PBXFileReference section */
		03F8B5133DB143D61FBC3A8C /* Pods-Yosomono.release.xcconfig */ = {isa = PBXFileReference; includeInIndex = 1; lastKnownFileType = text.xcconfig; name = "Pods-Yosomono.release.xcconfig"; path = "Target Support Files/Pods-Yosomono/Pods-Yosomono.release.xcconfig"; sourceTree = "<group>"; };
		129F87F2B9F82AF648B2717B /* Pods_Yosomono_YosomonoUITests.framework */ = {isa = PBXFileReference; explicitFileType = wrapper.framework; includeInIndex = 0; path = Pods_Yosomono_YosomonoUITests.framework; sourceTree = BUILT_PRODUCTS_DIR; };
		357FB0ABEDC5C338D5CC0746 /* Pods_Yosomono.framework */ = {isa = PBXFileReference; explicitFileType = wrapper.framework; includeInIndex = 0; path = Pods_Yosomono.framework; sourceTree = BUILT_PRODUCTS_DIR; };
		6DC78744AF97184334EBB6DD /* Pods-Yosomono.debug.xcconfig */ = {isa = PBXFileReference; includeInIndex = 1; lastKnownFileType = text.xcconfig; name = "Pods-Yosomono.debug.xcconfig"; path = "Target Support Files/Pods-Yosomono/Pods-Yosomono.debug.xcconfig"; sourceTree = "<group>"; };
		90BDAED94BEF8962A4C1934C /* Pods-Yosomono-YosomonoUITests.release.xcconfig */ = {isa = PBXFileReference; includeInIndex = 1; lastKnownFileType = text.xcconfig; name = "Pods-Yosomono-YosomonoUITests.release.xcconfig"; path = "Target Support Files/Pods-Yosomono-YosomonoUITests/Pods-Yosomono-YosomonoUITests.release.xcconfig"; sourceTree = "<group>"; };
		9EC9421C635E2CF67E1CA14D /* Pods-YosomonoTests.debug.xcconfig */ = {isa = PBXFileReference; includeInIndex = 1; lastKnownFileType = text.xcconfig; name = "Pods-YosomonoTests.debug.xcconfig"; path = "Target Support Files/Pods-YosomonoTests/Pods-YosomonoTests.debug.xcconfig"; sourceTree = "<group>"; };
		CD67DEAC42BBB33FCE5EEF68 /* Pods-Yosomono-YosomonoUITests.debug.xcconfig */ = {isa = PBXFileReference; includeInIndex = 1; lastKnownFileType = text.xcconfig; name = "Pods-Yosomono-YosomonoUITests.debug.xcconfig"; path = "Target Support Files/Pods-Yosomono-YosomonoUITests/Pods-Yosomono-YosomonoUITests.debug.xcconfig"; sourceTree = "<group>"; };
		CF037E0824F3353300BAB8AE /* LargeTextField.swift */ = {isa = PBXFileReference; lastKnownFileType = sourcecode.swift; path = LargeTextField.swift; sourceTree = "<group>"; };
		CF037E0A24F3371200BAB8AE /* LargeSecureField.swift */ = {isa = PBXFileReference; lastKnownFileType = sourcecode.swift; path = LargeSecureField.swift; sourceTree = "<group>"; };
		CF4AE29F25000E4000477E01 /* SelectableTagListView.swift */ = {isa = PBXFileReference; lastKnownFileType = sourcecode.swift; path = SelectableTagListView.swift; sourceTree = "<group>"; };
		CF75B4BE25037127005745F4 /* RetailersSelectView.swift */ = {isa = PBXFileReference; lastKnownFileType = sourcecode.swift; path = RetailersSelectView.swift; sourceTree = "<group>"; };
		CF75B4C0250400EB005745F4 /* RemovableTagListView.swift */ = {isa = PBXFileReference; lastKnownFileType = sourcecode.swift; path = RemovableTagListView.swift; sourceTree = "<group>"; };
		CF927C1F24EB897D00EB51F8 /* Yosomono.app */ = {isa = PBXFileReference; explicitFileType = wrapper.application; includeInIndex = 0; path = Yosomono.app; sourceTree = BUILT_PRODUCTS_DIR; };
		CF927C2424EB897D00EB51F8 /* SceneDelegate.swift */ = {isa = PBXFileReference; lastKnownFileType = sourcecode.swift; path = SceneDelegate.swift; sourceTree = "<group>"; };
		CF927C2624EB897D00EB51F8 /* AppTabView.swift */ = {isa = PBXFileReference; lastKnownFileType = sourcecode.swift; path = AppTabView.swift; sourceTree = "<group>"; };
		CF927C2824EB897E00EB51F8 /* Assets.xcassets */ = {isa = PBXFileReference; lastKnownFileType = folder.assetcatalog; path = Assets.xcassets; sourceTree = "<group>"; };
		CF927C2B24EB897E00EB51F8 /* Preview Assets.xcassets */ = {isa = PBXFileReference; lastKnownFileType = folder.assetcatalog; path = "Preview Assets.xcassets"; sourceTree = "<group>"; };
		CF927C2E24EB897E00EB51F8 /* Base */ = {isa = PBXFileReference; lastKnownFileType = file.storyboard; name = Base; path = Base.lproj/LaunchScreen.storyboard; sourceTree = "<group>"; };
		CF927C3024EB897E00EB51F8 /* Info.plist */ = {isa = PBXFileReference; lastKnownFileType = text.plist.xml; path = Info.plist; sourceTree = "<group>"; };
		CF927C3524EB897E00EB51F8 /* YosomonoTests.xctest */ = {isa = PBXFileReference; explicitFileType = wrapper.cfbundle; includeInIndex = 0; path = YosomonoTests.xctest; sourceTree = BUILT_PRODUCTS_DIR; };
		CF927C3924EB897E00EB51F8 /* YosomonoTests.swift */ = {isa = PBXFileReference; lastKnownFileType = sourcecode.swift; path = YosomonoTests.swift; sourceTree = "<group>"; };
		CF927C3B24EB897E00EB51F8 /* Info.plist */ = {isa = PBXFileReference; lastKnownFileType = text.plist.xml; path = Info.plist; sourceTree = "<group>"; };
		CF927C4024EB897E00EB51F8 /* YosomonoUITests.xctest */ = {isa = PBXFileReference; explicitFileType = wrapper.cfbundle; includeInIndex = 0; path = YosomonoUITests.xctest; sourceTree = BUILT_PRODUCTS_DIR; };
		CF927C4424EB897E00EB51F8 /* YosomonoUITests.swift */ = {isa = PBXFileReference; lastKnownFileType = sourcecode.swift; path = YosomonoUITests.swift; sourceTree = "<group>"; };
		CF927C4624EB897E00EB51F8 /* Info.plist */ = {isa = PBXFileReference; lastKnownFileType = text.plist.xml; path = Info.plist; sourceTree = "<group>"; };
		CF927C5224EB8FDC00EB51F8 /* GoogleService-Info.plist */ = {isa = PBXFileReference; fileEncoding = 4; lastKnownFileType = text.plist.xml; path = "GoogleService-Info.plist"; sourceTree = "<group>"; };
		CF927C5424EB998F00EB51F8 /* ProfileView.swift */ = {isa = PBXFileReference; lastKnownFileType = sourcecode.swift; path = ProfileView.swift; sourceTree = "<group>"; };
		CF927C5624EB99DA00EB51F8 /* LoginView.swift */ = {isa = PBXFileReference; lastKnownFileType = sourcecode.swift; path = LoginView.swift; sourceTree = "<group>"; };
		CF927C5A24EB9A4D00EB51F8 /* Constants.swift */ = {isa = PBXFileReference; lastKnownFileType = sourcecode.swift; path = Constants.swift; sourceTree = "<group>"; };
		CF927C5C24EB9AC800EB51F8 /* AppProtocols.swift */ = {isa = PBXFileReference; lastKnownFileType = sourcecode.swift; path = AppProtocols.swift; sourceTree = "<group>"; };
		CF927C5E24EC816900EB51F8 /* AppExtensions.swift */ = {isa = PBXFileReference; lastKnownFileType = sourcecode.swift; path = AppExtensions.swift; sourceTree = "<group>"; };
		CF927C6024ED9D0300EB51F8 /* ButtonContentView.swift */ = {isa = PBXFileReference; lastKnownFileType = sourcecode.swift; path = ButtonContentView.swift; sourceTree = "<group>"; };
		CF927C6224EDD58000EB51F8 /* RegisterView.swift */ = {isa = PBXFileReference; lastKnownFileType = sourcecode.swift; path = RegisterView.swift; sourceTree = "<group>"; };
		CF927C6424EDE32A00EB51F8 /* AccountView.swift */ = {isa = PBXFileReference; lastKnownFileType = sourcecode.swift; path = AccountView.swift; sourceTree = "<group>"; };
		CF927C6924EF43D100EB51F8 /* ScanView.swift */ = {isa = PBXFileReference; lastKnownFileType = sourcecode.swift; path = ScanView.swift; sourceTree = "<group>"; };
		CF927C6B24EF44ED00EB51F8 /* ItemAddView.swift */ = {isa = PBXFileReference; lastKnownFileType = sourcecode.swift; path = ItemAddView.swift; sourceTree = "<group>"; };
		CF927C7024F0981600EB51F8 /* CodeScanner.swift */ = {isa = PBXFileReference; lastKnownFileType = sourcecode.swift; path = CodeScanner.swift; sourceTree = "<group>"; };
		CF927C7224F1D6D900EB51F8 /* UPCService.swift */ = {isa = PBXFileReference; lastKnownFileType = sourcecode.swift; path = UPCService.swift; sourceTree = "<group>"; };
		CF927C7424F1DE0D00EB51F8 /* Product.swift */ = {isa = PBXFileReference; lastKnownFileType = sourcecode.swift; path = Product.swift; sourceTree = "<group>"; };
		CFBBEA8D2502048A00D6F4F6 /* FirestoreService.swift */ = {isa = PBXFileReference; lastKnownFileType = sourcecode.swift; path = FirestoreService.swift; sourceTree = "<group>"; };
		CFC3A4A32515D7EC009601D8 /* ViewModel.swift */ = {isa = PBXFileReference; lastKnownFileType = sourcecode.swift; path = ViewModel.swift; sourceTree = "<group>"; };
		CFC3A4AB2515DBDB009601D8 /* AppDelegate.swift */ = {isa = PBXFileReference; lastKnownFileType = sourcecode.swift; path = AppDelegate.swift; sourceTree = "<group>"; };
		CFC3A4B72515DEB5009601D8 /* ProfileViewModel.swift */ = {isa = PBXFileReference; lastKnownFileType = sourcecode.swift; path = ProfileViewModel.swift; sourceTree = "<group>"; };
		CFC3A4BF25172587009601D8 /* AuthenticationState.swift */ = {isa = PBXFileReference; lastKnownFileType = sourcecode.swift; path = AuthenticationState.swift; sourceTree = "<group>"; };
		CFC3A4D72519C7E7009601D8 /* en */ = {isa = PBXFileReference; lastKnownFileType = text.plist.strings; name = en; path = en.lproj/Localizable.strings; sourceTree = "<group>"; };
		CFC3A4DD2519C826009601D8 /* ja */ = {isa = PBXFileReference; lastKnownFileType = text.plist.strings; name = ja; path = ja.lproj/Localizable.strings; sourceTree = "<group>"; };
		CFC3A4DE2519CDDE009601D8 /* AuthError.swift */ = {isa = PBXFileReference; lastKnownFileType = sourcecode.swift; path = AuthError.swift; sourceTree = "<group>"; };
		CFCB95D424FC93D800B08BA4 /* CameraView.swift */ = {isa = PBXFileReference; lastKnownFileType = sourcecode.swift; path = CameraView.swift; sourceTree = "<group>"; };
		CFCB95D624FC941B00B08BA4 /* ImagePicker.swift */ = {isa = PBXFileReference; lastKnownFileType = sourcecode.swift; path = ImagePicker.swift; sourceTree = "<group>"; };
		DBA1B9A8303B55A85C1A6BC6 /* Pods-YosomonoTests.release.xcconfig */ = {isa = PBXFileReference; includeInIndex = 1; lastKnownFileType = text.xcconfig; name = "Pods-YosomonoTests.release.xcconfig"; path = "Target Support Files/Pods-YosomonoTests/Pods-YosomonoTests.release.xcconfig"; sourceTree = "<group>"; };
		F6F755F0E01CEA2B288BC331 /* Pods_YosomonoTests.framework */ = {isa = PBXFileReference; explicitFileType = wrapper.framework; includeInIndex = 0; path = Pods_YosomonoTests.framework; sourceTree = BUILT_PRODUCTS_DIR; };
/* End PBXFileReference section */

/* Begin PBXFrameworksBuildPhase section */
		CF927C1C24EB897D00EB51F8 /* Frameworks */ = {
			isa = PBXFrameworksBuildPhase;
			buildActionMask = 2147483647;
			files = (
				5E3E0228893F0012CEE36D51 /* Pods_Yosomono.framework in Frameworks */,
			);
			runOnlyForDeploymentPostprocessing = 0;
		};
		CF927C3224EB897E00EB51F8 /* Frameworks */ = {
			isa = PBXFrameworksBuildPhase;
			buildActionMask = 2147483647;
			files = (
				75190BEE11386AFA666077DD /* Pods_YosomonoTests.framework in Frameworks */,
			);
			runOnlyForDeploymentPostprocessing = 0;
		};
		CF927C3D24EB897E00EB51F8 /* Frameworks */ = {
			isa = PBXFrameworksBuildPhase;
			buildActionMask = 2147483647;
			files = (
				01353A6F1CF64DEA27C18925 /* Pods_Yosomono_YosomonoUITests.framework in Frameworks */,
			);
			runOnlyForDeploymentPostprocessing = 0;
		};
/* End PBXFrameworksBuildPhase section */

/* Begin PBXGroup section */
		98A2C5918E777F851A547AC6 /* Frameworks */ = {
			isa = PBXGroup;
			children = (
				357FB0ABEDC5C338D5CC0746 /* Pods_Yosomono.framework */,
				129F87F2B9F82AF648B2717B /* Pods_Yosomono_YosomonoUITests.framework */,
				F6F755F0E01CEA2B288BC331 /* Pods_YosomonoTests.framework */,
			);
			name = Frameworks;
			sourceTree = "<group>";
		};
		B17BC7BFD153A4427D2F4CB3 /* Pods */ = {
			isa = PBXGroup;
			children = (
				6DC78744AF97184334EBB6DD /* Pods-Yosomono.debug.xcconfig */,
				03F8B5133DB143D61FBC3A8C /* Pods-Yosomono.release.xcconfig */,
				CD67DEAC42BBB33FCE5EEF68 /* Pods-Yosomono-YosomonoUITests.debug.xcconfig */,
				90BDAED94BEF8962A4C1934C /* Pods-Yosomono-YosomonoUITests.release.xcconfig */,
				9EC9421C635E2CF67E1CA14D /* Pods-YosomonoTests.debug.xcconfig */,
				DBA1B9A8303B55A85C1A6BC6 /* Pods-YosomonoTests.release.xcconfig */,
			);
			path = Pods;
			sourceTree = "<group>";
		};
		CF0EBF482515CD810001BDF7 /* UI */ = {
			isa = PBXGroup;
			children = (
				CF0EBF4B2515CE050001BDF7 /* UIKit */,
				CF0EBF4A2515CDF60001BDF7 /* SwiftUI */,
			);
			path = UI;
			sourceTree = "<group>";
		};
		CF0EBF492515CDBD0001BDF7 /* Utility */ = {
			isa = PBXGroup;
			children = (
				CFC3A4AB2515DBDB009601D8 /* AppDelegate.swift */,
				CF927C2424EB897D00EB51F8 /* SceneDelegate.swift */,
				CF927C5C24EB9AC800EB51F8 /* AppProtocols.swift */,
				CF927C5E24EC816900EB51F8 /* AppExtensions.swift */,
				CF927C5A24EB9A4D00EB51F8 /* Constants.swift */,
				CFC3A4BF25172587009601D8 /* AuthenticationState.swift */,
				CFC3A4DE2519CDDE009601D8 /* AuthError.swift */,
				CF927C2824EB897E00EB51F8 /* Assets.xcassets */,
				CF927C2D24EB897E00EB51F8 /* LaunchScreen.storyboard */,
				CF927C3024EB897E00EB51F8 /* Info.plist */,
				CF927C5224EB8FDC00EB51F8 /* GoogleService-Info.plist */,
				CFC3A4A32515D7EC009601D8 /* ViewModel.swift */,
				CFC3A4D82519C7E7009601D8 /* Localizable.strings */,
			);
			path = Utility;
			sourceTree = "<group>";
		};
		CF0EBF4A2515CDF60001BDF7 /* SwiftUI */ = {
			isa = PBXGroup;
			children = (
				CF927C2624EB897D00EB51F8 /* AppTabView.swift */,
				CF0F1A8A251B2ADC00108220 /* Add */,
				CFC3A4B62515DDDA009601D8 /* Profile */,
				CF4AE29F25000E4000477E01 /* SelectableTagListView.swift */,
				CF75B4C0250400EB005745F4 /* RemovableTagListView.swift */,
				CF927C6024ED9D0300EB51F8 /* ButtonContentView.swift */,
				CF037E0824F3353300BAB8AE /* LargeTextField.swift */,
				CF037E0A24F3371200BAB8AE /* LargeSecureField.swift */,
			);
			path = SwiftUI;
			sourceTree = "<group>";
		};
		CF0EBF4B2515CE050001BDF7 /* UIKit */ = {
			isa = PBXGroup;
			children = (
			);
			path = UIKit;
			sourceTree = "<group>";
		};
		CF0F1A8A251B2ADC00108220 /* Add */ = {
			isa = PBXGroup;
			children = (
				CF927C6B24EF44ED00EB51F8 /* ItemAddView.swift */,
				CF75B4BE25037127005745F4 /* RetailersSelectView.swift */,
				CF927C6924EF43D100EB51F8 /* ScanView.swift */,
				CF927C7024F0981600EB51F8 /* CodeScanner.swift */,
				CFCB95D424FC93D800B08BA4 /* CameraView.swift */,
				CFCB95D624FC941B00B08BA4 /* ImagePicker.swift */,
			);
			path = Add;
			sourceTree = "<group>";
		};
		CF927C1624EB897D00EB51F8 = {
			isa = PBXGroup;
			children = (
				CF927C2124EB897D00EB51F8 /* Yosomono */,
				CF927C3824EB897E00EB51F8 /* YosomonoTests */,
				CF927C4324EB897E00EB51F8 /* YosomonoUITests */,
				CF927C2024EB897D00EB51F8 /* Products */,
				B17BC7BFD153A4427D2F4CB3 /* Pods */,
				98A2C5918E777F851A547AC6 /* Frameworks */,
			);
			sourceTree = "<group>";
		};
		CF927C2024EB897D00EB51F8 /* Products */ = {
			isa = PBXGroup;
			children = (
				CF927C1F24EB897D00EB51F8 /* Yosomono.app */,
				CF927C3524EB897E00EB51F8 /* YosomonoTests.xctest */,
				CF927C4024EB897E00EB51F8 /* YosomonoUITests.xctest */,
			);
			name = Products;
			sourceTree = "<group>";
		};
		CF927C2124EB897D00EB51F8 /* Yosomono */ = {
			isa = PBXGroup;
			children = (
				CF0EBF482515CD810001BDF7 /* UI */,
				CFBBEA8F250205D000D6F4F6 /* Services */,
				CFBBEA90250205EE00D6F4F6 /* Model */,
				CF0EBF492515CDBD0001BDF7 /* Utility */,
				CF927C2A24EB897E00EB51F8 /* Preview Content */,
			);
			path = Yosomono;
			sourceTree = "<group>";
		};
		CF927C2A24EB897E00EB51F8 /* Preview Content */ = {
			isa = PBXGroup;
			children = (
				CF927C2B24EB897E00EB51F8 /* Preview Assets.xcassets */,
			);
			path = "Preview Content";
			sourceTree = "<group>";
		};
		CF927C3824EB897E00EB51F8 /* YosomonoTests */ = {
			isa = PBXGroup;
			children = (
				CF927C3924EB897E00EB51F8 /* YosomonoTests.swift */,
				CF927C3B24EB897E00EB51F8 /* Info.plist */,
			);
			path = YosomonoTests;
			sourceTree = "<group>";
		};
		CF927C4324EB897E00EB51F8 /* YosomonoUITests */ = {
			isa = PBXGroup;
			children = (
				CF927C4424EB897E00EB51F8 /* YosomonoUITests.swift */,
				CF927C4624EB897E00EB51F8 /* Info.plist */,
			);
			path = YosomonoUITests;
			sourceTree = "<group>";
		};
		CFBBEA8F250205D000D6F4F6 /* Services */ = {
			isa = PBXGroup;
			children = (
				CFBBEA8D2502048A00D6F4F6 /* FirestoreService.swift */,
				CF927C7224F1D6D900EB51F8 /* UPCService.swift */,
			);
			path = Services;
			sourceTree = "<group>";
		};
		CFBBEA90250205EE00D6F4F6 /* Model */ = {
			isa = PBXGroup;
			children = (
				CF927C7424F1DE0D00EB51F8 /* Product.swift */,
			);
			path = Model;
			sourceTree = "<group>";
		};
		CFC3A4B62515DDDA009601D8 /* Profile */ = {
			isa = PBXGroup;
			children = (
				CF927C6424EDE32A00EB51F8 /* AccountView.swift */,
				CF927C5424EB998F00EB51F8 /* ProfileView.swift */,
				CFC3A4B72515DEB5009601D8 /* ProfileViewModel.swift */,
				CF927C5624EB99DA00EB51F8 /* LoginView.swift */,
				CF927C6224EDD58000EB51F8 /* RegisterView.swift */,
			);
			path = Profile;
			sourceTree = "<group>";
		};
/* End PBXGroup section */

/* Begin PBXNativeTarget section */
		CF927C1E24EB897D00EB51F8 /* Yosomono */ = {
			isa = PBXNativeTarget;
			buildConfigurationList = CF927C4924EB897E00EB51F8 /* Build configuration list for PBXNativeTarget "Yosomono" */;
			buildPhases = (
				F081D14FF79E807131878CC4 /* [CP] Check Pods Manifest.lock */,
				CF927C1B24EB897D00EB51F8 /* Sources */,
				CF927C1C24EB897D00EB51F8 /* Frameworks */,
				CF927C1D24EB897D00EB51F8 /* Resources */,
				41A9611A3CE2E5A896BCE955 /* [CP] Embed Pods Frameworks */,
				CF8322E2250F1FE800D8E4B9 /* ShellScript */,
			);
			buildRules = (
			);
			dependencies = (
			);
			name = Yosomono;
			packageProductDependencies = (
			);
			productName = Yosomono;
			productReference = CF927C1F24EB897D00EB51F8 /* Yosomono.app */;
			productType = "com.apple.product-type.application";
		};
		CF927C3424EB897E00EB51F8 /* YosomonoTests */ = {
			isa = PBXNativeTarget;
			buildConfigurationList = CF927C4C24EB897E00EB51F8 /* Build configuration list for PBXNativeTarget "YosomonoTests" */;
			buildPhases = (
				CC29374FE5191E160B1129B5 /* [CP] Check Pods Manifest.lock */,
				CF927C3124EB897E00EB51F8 /* Sources */,
				CF927C3224EB897E00EB51F8 /* Frameworks */,
				CF927C3324EB897E00EB51F8 /* Resources */,
			);
			buildRules = (
			);
			dependencies = (
				CF927C3724EB897E00EB51F8 /* PBXTargetDependency */,
			);
			name = YosomonoTests;
			productName = YosomonoTests;
			productReference = CF927C3524EB897E00EB51F8 /* YosomonoTests.xctest */;
			productType = "com.apple.product-type.bundle.unit-test";
		};
		CF927C3F24EB897E00EB51F8 /* YosomonoUITests */ = {
			isa = PBXNativeTarget;
			buildConfigurationList = CF927C4F24EB897E00EB51F8 /* Build configuration list for PBXNativeTarget "YosomonoUITests" */;
			buildPhases = (
				0F3D04EB56EB265B29FDA863 /* [CP] Check Pods Manifest.lock */,
				CF927C3C24EB897E00EB51F8 /* Sources */,
				CF927C3D24EB897E00EB51F8 /* Frameworks */,
				CF927C3E24EB897E00EB51F8 /* Resources */,
				6FF990A3BDBCF7D439545D62 /* [CP] Embed Pods Frameworks */,
			);
			buildRules = (
			);
			dependencies = (
				CF927C4224EB897E00EB51F8 /* PBXTargetDependency */,
			);
			name = YosomonoUITests;
			productName = YosomonoUITests;
			productReference = CF927C4024EB897E00EB51F8 /* YosomonoUITests.xctest */;
			productType = "com.apple.product-type.bundle.ui-testing";
		};
/* End PBXNativeTarget section */

/* Begin PBXProject section */
		CF927C1724EB897D00EB51F8 /* Project object */ = {
			isa = PBXProject;
			attributes = {
				LastSwiftUpdateCheck = 1160;
				LastUpgradeCheck = 1200;
				ORGANIZATIONNAME = "Nozomi Okada";
				TargetAttributes = {
					CF927C1E24EB897D00EB51F8 = {
						CreatedOnToolsVersion = 11.6;
					};
					CF927C3424EB897E00EB51F8 = {
						CreatedOnToolsVersion = 11.6;
						TestTargetID = CF927C1E24EB897D00EB51F8;
					};
					CF927C3F24EB897E00EB51F8 = {
						CreatedOnToolsVersion = 11.6;
						TestTargetID = CF927C1E24EB897D00EB51F8;
					};
				};
			};
			buildConfigurationList = CF927C1A24EB897D00EB51F8 /* Build configuration list for PBXProject "Yosomono" */;
			compatibilityVersion = "Xcode 9.3";
			developmentRegion = en;
			hasScannedForEncodings = 0;
			knownRegions = (
				en,
				Base,
				ja,
			);
			mainGroup = CF927C1624EB897D00EB51F8;
			packageReferences = (
			);
			productRefGroup = CF927C2024EB897D00EB51F8 /* Products */;
			projectDirPath = "";
			projectRoot = "";
			targets = (
				CF927C1E24EB897D00EB51F8 /* Yosomono */,
				CF927C3424EB897E00EB51F8 /* YosomonoTests */,
				CF927C3F24EB897E00EB51F8 /* YosomonoUITests */,
			);
		};
/* End PBXProject section */

/* Begin PBXResourcesBuildPhase section */
		CF927C1D24EB897D00EB51F8 /* Resources */ = {
			isa = PBXResourcesBuildPhase;
			buildActionMask = 2147483647;
			files = (
				CFC3A4D62519C7E7009601D8 /* Localizable.strings in Resources */,
				CF927C2F24EB897E00EB51F8 /* LaunchScreen.storyboard in Resources */,
				CF927C5324EB8FDC00EB51F8 /* GoogleService-Info.plist in Resources */,
				CF927C2C24EB897E00EB51F8 /* Preview Assets.xcassets in Resources */,
				CF927C2924EB897E00EB51F8 /* Assets.xcassets in Resources */,
			);
			runOnlyForDeploymentPostprocessing = 0;
		};
		CF927C3324EB897E00EB51F8 /* Resources */ = {
			isa = PBXResourcesBuildPhase;
			buildActionMask = 2147483647;
			files = (
			);
			runOnlyForDeploymentPostprocessing = 0;
		};
		CF927C3E24EB897E00EB51F8 /* Resources */ = {
			isa = PBXResourcesBuildPhase;
			buildActionMask = 2147483647;
			files = (
			);
			runOnlyForDeploymentPostprocessing = 0;
		};
/* End PBXResourcesBuildPhase section */

/* Begin PBXShellScriptBuildPhase section */
		0F3D04EB56EB265B29FDA863 /* [CP] Check Pods Manifest.lock */ = {
			isa = PBXShellScriptBuildPhase;
			buildActionMask = 2147483647;
			files = (
			);
			inputFileListPaths = (
			);
			inputPaths = (
				"${PODS_PODFILE_DIR_PATH}/Podfile.lock",
				"${PODS_ROOT}/Manifest.lock",
			);
			name = "[CP] Check Pods Manifest.lock";
			outputFileListPaths = (
			);
			outputPaths = (
				"$(DERIVED_FILE_DIR)/Pods-Yosomono-YosomonoUITests-checkManifestLockResult.txt",
			);
			runOnlyForDeploymentPostprocessing = 0;
			shellPath = /bin/sh;
			shellScript = "diff \"${PODS_PODFILE_DIR_PATH}/Podfile.lock\" \"${PODS_ROOT}/Manifest.lock\" > /dev/null\nif [ $? != 0 ] ; then\n    # print error to STDERR\n    echo \"error: The sandbox is not in sync with the Podfile.lock. Run 'pod install' or update your CocoaPods installation.\" >&2\n    exit 1\nfi\n# This output is used by Xcode 'outputs' to avoid re-running this script phase.\necho \"SUCCESS\" > \"${SCRIPT_OUTPUT_FILE_0}\"\n";
			showEnvVarsInLog = 0;
		};
		41A9611A3CE2E5A896BCE955 /* [CP] Embed Pods Frameworks */ = {
			isa = PBXShellScriptBuildPhase;
			buildActionMask = 2147483647;
			files = (
			);
			inputFileListPaths = (
				"${PODS_ROOT}/Target Support Files/Pods-Yosomono/Pods-Yosomono-frameworks-${CONFIGURATION}-input-files.xcfilelist",
			);
			name = "[CP] Embed Pods Frameworks";
			outputFileListPaths = (
				"${PODS_ROOT}/Target Support Files/Pods-Yosomono/Pods-Yosomono-frameworks-${CONFIGURATION}-output-files.xcfilelist",
			);
			runOnlyForDeploymentPostprocessing = 0;
			shellPath = /bin/sh;
			shellScript = "\"${PODS_ROOT}/Target Support Files/Pods-Yosomono/Pods-Yosomono-frameworks.sh\"\n";
			showEnvVarsInLog = 0;
		};
		6FF990A3BDBCF7D439545D62 /* [CP] Embed Pods Frameworks */ = {
			isa = PBXShellScriptBuildPhase;
			buildActionMask = 2147483647;
			files = (
			);
			inputFileListPaths = (
				"${PODS_ROOT}/Target Support Files/Pods-Yosomono-YosomonoUITests/Pods-Yosomono-YosomonoUITests-frameworks-${CONFIGURATION}-input-files.xcfilelist",
			);
			name = "[CP] Embed Pods Frameworks";
			outputFileListPaths = (
				"${PODS_ROOT}/Target Support Files/Pods-Yosomono-YosomonoUITests/Pods-Yosomono-YosomonoUITests-frameworks-${CONFIGURATION}-output-files.xcfilelist",
			);
			runOnlyForDeploymentPostprocessing = 0;
			shellPath = /bin/sh;
			shellScript = "\"${PODS_ROOT}/Target Support Files/Pods-Yosomono-YosomonoUITests/Pods-Yosomono-YosomonoUITests-frameworks.sh\"\n";
			showEnvVarsInLog = 0;
		};
		CC29374FE5191E160B1129B5 /* [CP] Check Pods Manifest.lock */ = {
			isa = PBXShellScriptBuildPhase;
			buildActionMask = 2147483647;
			files = (
			);
			inputFileListPaths = (
			);
			inputPaths = (
				"${PODS_PODFILE_DIR_PATH}/Podfile.lock",
				"${PODS_ROOT}/Manifest.lock",
			);
			name = "[CP] Check Pods Manifest.lock";
			outputFileListPaths = (
			);
			outputPaths = (
				"$(DERIVED_FILE_DIR)/Pods-YosomonoTests-checkManifestLockResult.txt",
			);
			runOnlyForDeploymentPostprocessing = 0;
			shellPath = /bin/sh;
			shellScript = "diff \"${PODS_PODFILE_DIR_PATH}/Podfile.lock\" \"${PODS_ROOT}/Manifest.lock\" > /dev/null\nif [ $? != 0 ] ; then\n    # print error to STDERR\n    echo \"error: The sandbox is not in sync with the Podfile.lock. Run 'pod install' or update your CocoaPods installation.\" >&2\n    exit 1\nfi\n# This output is used by Xcode 'outputs' to avoid re-running this script phase.\necho \"SUCCESS\" > \"${SCRIPT_OUTPUT_FILE_0}\"\n";
			showEnvVarsInLog = 0;
		};
		CF8322E2250F1FE800D8E4B9 /* ShellScript */ = {
			isa = PBXShellScriptBuildPhase;
			buildActionMask = 2147483647;
			files = (
			);
			inputFileListPaths = (
			);
			inputPaths = (
			);
			outputFileListPaths = (
			);
			outputPaths = (
			);
			runOnlyForDeploymentPostprocessing = 0;
			shellPath = /bin/sh;
			shellScript = "# Type a script or drag a script file from your workspace to insert its path.\n\"${PODS_ROOT}/SwiftLint/swiftlint\"\n";
		};
		F081D14FF79E807131878CC4 /* [CP] Check Pods Manifest.lock */ = {
			isa = PBXShellScriptBuildPhase;
			buildActionMask = 2147483647;
			files = (
			);
			inputFileListPaths = (
			);
			inputPaths = (
				"${PODS_PODFILE_DIR_PATH}/Podfile.lock",
				"${PODS_ROOT}/Manifest.lock",
			);
			name = "[CP] Check Pods Manifest.lock";
			outputFileListPaths = (
			);
			outputPaths = (
				"$(DERIVED_FILE_DIR)/Pods-Yosomono-checkManifestLockResult.txt",
			);
			runOnlyForDeploymentPostprocessing = 0;
			shellPath = /bin/sh;
			shellScript = "diff \"${PODS_PODFILE_DIR_PATH}/Podfile.lock\" \"${PODS_ROOT}/Manifest.lock\" > /dev/null\nif [ $? != 0 ] ; then\n    # print error to STDERR\n    echo \"error: The sandbox is not in sync with the Podfile.lock. Run 'pod install' or update your CocoaPods installation.\" >&2\n    exit 1\nfi\n# This output is used by Xcode 'outputs' to avoid re-running this script phase.\necho \"SUCCESS\" > \"${SCRIPT_OUTPUT_FILE_0}\"\n";
			showEnvVarsInLog = 0;
		};
/* End PBXShellScriptBuildPhase section */

/* Begin PBXSourcesBuildPhase section */
		CF927C1B24EB897D00EB51F8 /* Sources */ = {
			isa = PBXSourcesBuildPhase;
			buildActionMask = 2147483647;
			files = (
				CF75B4C1250400EB005745F4 /* RemovableTagListView.swift in Sources */,
				CF927C7124F0981600EB51F8 /* CodeScanner.swift in Sources */,
				CF927C6524EDE32B00EB51F8 /* AccountView.swift in Sources */,
				CFC3A4B82515DEB5009601D8 /* ProfileViewModel.swift in Sources */,
				CF037E0B24F3371200BAB8AE /* LargeSecureField.swift in Sources */,
				CFCB95D724FC941B00B08BA4 /* ImagePicker.swift in Sources */,
				CFC3A4DF2519CDDE009601D8 /* AuthError.swift in Sources */,
				CFCB95D524FC93D800B08BA4 /* CameraView.swift in Sources */,
				CFC3A4A42515D7EC009601D8 /* ViewModel.swift in Sources */,
				CFBBEA8E2502048A00D6F4F6 /* FirestoreService.swift in Sources */,
				CFC3A4C025172587009601D8 /* AuthenticationState.swift in Sources */,
				CF927C6324EDD58000EB51F8 /* RegisterView.swift in Sources */,
				CF4AE2A025000E4000477E01 /* SelectableTagListView.swift in Sources */,
				CF927C5F24EC816900EB51F8 /* AppExtensions.swift in Sources */,
				CF927C7324F1D6D900EB51F8 /* UPCService.swift in Sources */,
				CF927C7524F1DE0D00EB51F8 /* Product.swift in Sources */,
				CF927C5524EB998F00EB51F8 /* ProfileView.swift in Sources */,
				CF927C2524EB897D00EB51F8 /* SceneDelegate.swift in Sources */,
				CF927C6A24EF43D100EB51F8 /* ScanView.swift in Sources */,
				CF927C5D24EB9AC800EB51F8 /* AppProtocols.swift in Sources */,
				CF037E0924F3353300BAB8AE /* LargeTextField.swift in Sources */,
				CF927C6124ED9D0300EB51F8 /* ButtonContentView.swift in Sources */,
				CF75B4BF25037127005745F4 /* RetailersSelectView.swift in Sources */,
				CFC3A4AC2515DBDB009601D8 /* AppDelegate.swift in Sources */,
				CF927C6C24EF44ED00EB51F8 /* ItemAddView.swift in Sources */,
				CF927C5B24EB9A4D00EB51F8 /* Constants.swift in Sources */,
				CF927C5724EB99DA00EB51F8 /* LoginView.swift in Sources */,
				CF927C2724EB897D00EB51F8 /* AppTabView.swift in Sources */,
			);
			runOnlyForDeploymentPostprocessing = 0;
		};
		CF927C3124EB897E00EB51F8 /* Sources */ = {
			isa = PBXSourcesBuildPhase;
			buildActionMask = 2147483647;
			files = (
				CF927C3A24EB897E00EB51F8 /* YosomonoTests.swift in Sources */,
			);
			runOnlyForDeploymentPostprocessing = 0;
		};
		CF927C3C24EB897E00EB51F8 /* Sources */ = {
			isa = PBXSourcesBuildPhase;
			buildActionMask = 2147483647;
			files = (
				CF927C4524EB897E00EB51F8 /* YosomonoUITests.swift in Sources */,
			);
			runOnlyForDeploymentPostprocessing = 0;
		};
/* End PBXSourcesBuildPhase section */

/* Begin PBXTargetDependency section */
		CF927C3724EB897E00EB51F8 /* PBXTargetDependency */ = {
			isa = PBXTargetDependency;
			target = CF927C1E24EB897D00EB51F8 /* Yosomono */;
			targetProxy = CF927C3624EB897E00EB51F8 /* PBXContainerItemProxy */;
		};
		CF927C4224EB897E00EB51F8 /* PBXTargetDependency */ = {
			isa = PBXTargetDependency;
			target = CF927C1E24EB897D00EB51F8 /* Yosomono */;
			targetProxy = CF927C4124EB897E00EB51F8 /* PBXContainerItemProxy */;
		};
/* End PBXTargetDependency section */

/* Begin PBXVariantGroup section */
		CF927C2D24EB897E00EB51F8 /* LaunchScreen.storyboard */ = {
			isa = PBXVariantGroup;
			children = (
				CF927C2E24EB897E00EB51F8 /* Base */,
			);
			name = LaunchScreen.storyboard;
			sourceTree = "<group>";
		};
		CFC3A4D82519C7E7009601D8 /* Localizable.strings */ = {
			isa = PBXVariantGroup;
			children = (
				CFC3A4D72519C7E7009601D8 /* en */,
				CFC3A4DD2519C826009601D8 /* ja */,
			);
			name = Localizable.strings;
			sourceTree = "<group>";
		};
/* End PBXVariantGroup section */

/* Begin XCBuildConfiguration section */
		CF927C4724EB897E00EB51F8 /* Debug */ = {
			isa = XCBuildConfiguration;
			buildSettings = {
				ALWAYS_SEARCH_USER_PATHS = NO;
				CLANG_ANALYZER_LOCALIZABILITY_NONLOCALIZED = YES;
				CLANG_ANALYZER_NONNULL = YES;
				CLANG_ANALYZER_NUMBER_OBJECT_CONVERSION = YES_AGGRESSIVE;
				CLANG_CXX_LANGUAGE_STANDARD = "gnu++14";
				CLANG_CXX_LIBRARY = "libc++";
				CLANG_ENABLE_MODULES = YES;
				CLANG_ENABLE_OBJC_ARC = YES;
				CLANG_ENABLE_OBJC_WEAK = YES;
				CLANG_WARN_BLOCK_CAPTURE_AUTORELEASING = YES;
				CLANG_WARN_BOOL_CONVERSION = YES;
				CLANG_WARN_COMMA = YES;
				CLANG_WARN_CONSTANT_CONVERSION = YES;
				CLANG_WARN_DEPRECATED_OBJC_IMPLEMENTATIONS = YES;
				CLANG_WARN_DIRECT_OBJC_ISA_USAGE = YES_ERROR;
				CLANG_WARN_DOCUMENTATION_COMMENTS = YES;
				CLANG_WARN_EMPTY_BODY = YES;
				CLANG_WARN_ENUM_CONVERSION = YES;
				CLANG_WARN_INFINITE_RECURSION = YES;
				CLANG_WARN_INT_CONVERSION = YES;
				CLANG_WARN_NON_LITERAL_NULL_CONVERSION = YES;
				CLANG_WARN_OBJC_IMPLICIT_RETAIN_SELF = YES;
				CLANG_WARN_OBJC_LITERAL_CONVERSION = YES;
				CLANG_WARN_OBJC_ROOT_CLASS = YES_ERROR;
				CLANG_WARN_QUOTED_INCLUDE_IN_FRAMEWORK_HEADER = YES;
				CLANG_WARN_RANGE_LOOP_ANALYSIS = YES;
				CLANG_WARN_STRICT_PROTOTYPES = YES;
				CLANG_WARN_SUSPICIOUS_MOVE = YES;
				CLANG_WARN_UNGUARDED_AVAILABILITY = YES_AGGRESSIVE;
				CLANG_WARN_UNREACHABLE_CODE = YES;
				CLANG_WARN__DUPLICATE_METHOD_MATCH = YES;
				COPY_PHASE_STRIP = NO;
				DEBUG_INFORMATION_FORMAT = dwarf;
				ENABLE_STRICT_OBJC_MSGSEND = YES;
				ENABLE_TESTABILITY = YES;
				GCC_C_LANGUAGE_STANDARD = gnu11;
				GCC_DYNAMIC_NO_PIC = NO;
				GCC_NO_COMMON_BLOCKS = YES;
				GCC_OPTIMIZATION_LEVEL = 0;
				GCC_PREPROCESSOR_DEFINITIONS = (
					"DEBUG=1",
					"$(inherited)",
				);
				GCC_WARN_64_TO_32_BIT_CONVERSION = YES;
				GCC_WARN_ABOUT_RETURN_TYPE = YES_ERROR;
				GCC_WARN_UNDECLARED_SELECTOR = YES;
				GCC_WARN_UNINITIALIZED_AUTOS = YES_AGGRESSIVE;
				GCC_WARN_UNUSED_FUNCTION = YES;
				GCC_WARN_UNUSED_VARIABLE = YES;
				IPHONEOS_DEPLOYMENT_TARGET = 13.6;
				MTL_ENABLE_DEBUG_INFO = INCLUDE_SOURCE;
				MTL_FAST_MATH = YES;
				ONLY_ACTIVE_ARCH = YES;
				SDKROOT = iphoneos;
				SWIFT_ACTIVE_COMPILATION_CONDITIONS = DEBUG;
				SWIFT_OPTIMIZATION_LEVEL = "-Onone";
			};
			name = Debug;
		};
		CF927C4824EB897E00EB51F8 /* Release */ = {
			isa = XCBuildConfiguration;
			buildSettings = {
				ALWAYS_SEARCH_USER_PATHS = NO;
				CLANG_ANALYZER_LOCALIZABILITY_NONLOCALIZED = YES;
				CLANG_ANALYZER_NONNULL = YES;
				CLANG_ANALYZER_NUMBER_OBJECT_CONVERSION = YES_AGGRESSIVE;
				CLANG_CXX_LANGUAGE_STANDARD = "gnu++14";
				CLANG_CXX_LIBRARY = "libc++";
				CLANG_ENABLE_MODULES = YES;
				CLANG_ENABLE_OBJC_ARC = YES;
				CLANG_ENABLE_OBJC_WEAK = YES;
				CLANG_WARN_BLOCK_CAPTURE_AUTORELEASING = YES;
				CLANG_WARN_BOOL_CONVERSION = YES;
				CLANG_WARN_COMMA = YES;
				CLANG_WARN_CONSTANT_CONVERSION = YES;
				CLANG_WARN_DEPRECATED_OBJC_IMPLEMENTATIONS = YES;
				CLANG_WARN_DIRECT_OBJC_ISA_USAGE = YES_ERROR;
				CLANG_WARN_DOCUMENTATION_COMMENTS = YES;
				CLANG_WARN_EMPTY_BODY = YES;
				CLANG_WARN_ENUM_CONVERSION = YES;
				CLANG_WARN_INFINITE_RECURSION = YES;
				CLANG_WARN_INT_CONVERSION = YES;
				CLANG_WARN_NON_LITERAL_NULL_CONVERSION = YES;
				CLANG_WARN_OBJC_IMPLICIT_RETAIN_SELF = YES;
				CLANG_WARN_OBJC_LITERAL_CONVERSION = YES;
				CLANG_WARN_OBJC_ROOT_CLASS = YES_ERROR;
				CLANG_WARN_QUOTED_INCLUDE_IN_FRAMEWORK_HEADER = YES;
				CLANG_WARN_RANGE_LOOP_ANALYSIS = YES;
				CLANG_WARN_STRICT_PROTOTYPES = YES;
				CLANG_WARN_SUSPICIOUS_MOVE = YES;
				CLANG_WARN_UNGUARDED_AVAILABILITY = YES_AGGRESSIVE;
				CLANG_WARN_UNREACHABLE_CODE = YES;
				CLANG_WARN__DUPLICATE_METHOD_MATCH = YES;
				COPY_PHASE_STRIP = NO;
				DEBUG_INFORMATION_FORMAT = "dwarf-with-dsym";
				ENABLE_NS_ASSERTIONS = NO;
				ENABLE_STRICT_OBJC_MSGSEND = YES;
				GCC_C_LANGUAGE_STANDARD = gnu11;
				GCC_NO_COMMON_BLOCKS = YES;
				GCC_WARN_64_TO_32_BIT_CONVERSION = YES;
				GCC_WARN_ABOUT_RETURN_TYPE = YES_ERROR;
				GCC_WARN_UNDECLARED_SELECTOR = YES;
				GCC_WARN_UNINITIALIZED_AUTOS = YES_AGGRESSIVE;
				GCC_WARN_UNUSED_FUNCTION = YES;
				GCC_WARN_UNUSED_VARIABLE = YES;
				IPHONEOS_DEPLOYMENT_TARGET = 13.6;
				MTL_ENABLE_DEBUG_INFO = NO;
				MTL_FAST_MATH = YES;
				SDKROOT = iphoneos;
				SWIFT_COMPILATION_MODE = wholemodule;
				SWIFT_OPTIMIZATION_LEVEL = "-O";
				VALIDATE_PRODUCT = YES;
			};
			name = Release;
		};
		CF927C4A24EB897E00EB51F8 /* Debug */ = {
			isa = XCBuildConfiguration;
			baseConfigurationReference = 6DC78744AF97184334EBB6DD /* Pods-Yosomono.debug.xcconfig */;
			buildSettings = {
				ASSETCATALOG_COMPILER_APPICON_NAME = AppIcon;
				CODE_SIGN_STYLE = Automatic;
				DEVELOPMENT_ASSET_PATHS = "\"Yosomono/Preview Content\"";
				DEVELOPMENT_TEAM = EPF2DMU2WE;
				ENABLE_PREVIEWS = YES;
				INFOPLIST_FILE = Yosomono/Utility/Info.plist;
				IPHONEOS_DEPLOYMENT_TARGET = 14.0;
				LD_RUNPATH_SEARCH_PATHS = (
					"$(inherited)",
					"@executable_path/Frameworks",
				);
				PRODUCT_BUNDLE_IDENTIFIER = com.nozokada.yosomono;
				PRODUCT_NAME = "$(TARGET_NAME)";
				SWIFT_VERSION = 5.0;
				TARGETED_DEVICE_FAMILY = "1,2";
			};
			name = Debug;
		};
		CF927C4B24EB897E00EB51F8 /* Release */ = {
			isa = XCBuildConfiguration;
			baseConfigurationReference = 03F8B5133DB143D61FBC3A8C /* Pods-Yosomono.release.xcconfig */;
			buildSettings = {
				ASSETCATALOG_COMPILER_APPICON_NAME = AppIcon;
				CODE_SIGN_STYLE = Automatic;
				DEVELOPMENT_ASSET_PATHS = "\"Yosomono/Preview Content\"";
				DEVELOPMENT_TEAM = EPF2DMU2WE;
				ENABLE_PREVIEWS = YES;
				INFOPLIST_FILE = Yosomono/Utility/Info.plist;
				IPHONEOS_DEPLOYMENT_TARGET = 14.0;
				LD_RUNPATH_SEARCH_PATHS = (
					"$(inherited)",
					"@executable_path/Frameworks",
				);
				PRODUCT_BUNDLE_IDENTIFIER = com.nozokada.yosomono;
				PRODUCT_NAME = "$(TARGET_NAME)";
				SWIFT_VERSION = 5.0;
				TARGETED_DEVICE_FAMILY = "1,2";
			};
			name = Release;
		};
		CF927C4D24EB897E00EB51F8 /* Debug */ = {
			isa = XCBuildConfiguration;
			baseConfigurationReference = 9EC9421C635E2CF67E1CA14D /* Pods-YosomonoTests.debug.xcconfig */;
			buildSettings = {
				ALWAYS_EMBED_SWIFT_STANDARD_LIBRARIES = YES;
				BUNDLE_LOADER = "$(TEST_HOST)";
				CODE_SIGN_STYLE = Automatic;
				DEVELOPMENT_TEAM = EPF2DMU2WE;
				INFOPLIST_FILE = YosomonoTests/Info.plist;
				IPHONEOS_DEPLOYMENT_TARGET = 13.6;
				LD_RUNPATH_SEARCH_PATHS = (
					"$(inherited)",
					"@executable_path/Frameworks",
					"@loader_path/Frameworks",
				);
				PRODUCT_BUNDLE_IDENTIFIER = com.nozokada.YosomonoTests;
				PRODUCT_NAME = "$(TARGET_NAME)";
				SWIFT_VERSION = 5.0;
				TARGETED_DEVICE_FAMILY = "1,2";
				TEST_HOST = "$(BUILT_PRODUCTS_DIR)/Yosomono.app/Yosomono";
			};
			name = Debug;
		};
		CF927C4E24EB897E00EB51F8 /* Release */ = {
			isa = XCBuildConfiguration;
			baseConfigurationReference = DBA1B9A8303B55A85C1A6BC6 /* Pods-YosomonoTests.release.xcconfig */;
			buildSettings = {
				ALWAYS_EMBED_SWIFT_STANDARD_LIBRARIES = YES;
				BUNDLE_LOADER = "$(TEST_HOST)";
				CODE_SIGN_STYLE = Automatic;
				DEVELOPMENT_TEAM = EPF2DMU2WE;
				INFOPLIST_FILE = YosomonoTests/Info.plist;
				IPHONEOS_DEPLOYMENT_TARGET = 13.6;
				LD_RUNPATH_SEARCH_PATHS = (
					"$(inherited)",
					"@executable_path/Frameworks",
					"@loader_path/Frameworks",
				);
				PRODUCT_BUNDLE_IDENTIFIER = com.nozokada.YosomonoTests;
				PRODUCT_NAME = "$(TARGET_NAME)";
				SWIFT_VERSION = 5.0;
				TARGETED_DEVICE_FAMILY = "1,2";
				TEST_HOST = "$(BUILT_PRODUCTS_DIR)/Yosomono.app/Yosomono";
			};
			name = Release;
		};
		CF927C5024EB897E00EB51F8 /* Debug */ = {
			isa = XCBuildConfiguration;
			baseConfigurationReference = CD67DEAC42BBB33FCE5EEF68 /* Pods-Yosomono-YosomonoUITests.debug.xcconfig */;
			buildSettings = {
				ALWAYS_EMBED_SWIFT_STANDARD_LIBRARIES = YES;
				CODE_SIGN_STYLE = Automatic;
				DEVELOPMENT_TEAM = EPF2DMU2WE;
				INFOPLIST_FILE = YosomonoUITests/Info.plist;
				LD_RUNPATH_SEARCH_PATHS = (
					"$(inherited)",
					"@executable_path/Frameworks",
					"@loader_path/Frameworks",
				);
				PRODUCT_BUNDLE_IDENTIFIER = com.nozokada.YosomonoUITests;
				PRODUCT_NAME = "$(TARGET_NAME)";
				SWIFT_VERSION = 5.0;
				TARGETED_DEVICE_FAMILY = "1,2";
				TEST_TARGET_NAME = Yosomono;
			};
			name = Debug;
		};
		CF927C5124EB897E00EB51F8 /* Release */ = {
			isa = XCBuildConfiguration;
			baseConfigurationReference = 90BDAED94BEF8962A4C1934C /* Pods-Yosomono-YosomonoUITests.release.xcconfig */;
			buildSettings = {
				ALWAYS_EMBED_SWIFT_STANDARD_LIBRARIES = YES;
				CODE_SIGN_STYLE = Automatic;
				DEVELOPMENT_TEAM = EPF2DMU2WE;
				INFOPLIST_FILE = YosomonoUITests/Info.plist;
				LD_RUNPATH_SEARCH_PATHS = (
					"$(inherited)",
					"@executable_path/Frameworks",
					"@loader_path/Frameworks",
				);
				PRODUCT_BUNDLE_IDENTIFIER = com.nozokada.YosomonoUITests;
				PRODUCT_NAME = "$(TARGET_NAME)";
				SWIFT_VERSION = 5.0;
				TARGETED_DEVICE_FAMILY = "1,2";
				TEST_TARGET_NAME = Yosomono;
			};
			name = Release;
		};
/* End XCBuildConfiguration section */

/* Begin XCConfigurationList section */
		CF927C1A24EB897D00EB51F8 /* Build configuration list for PBXProject "Yosomono" */ = {
			isa = XCConfigurationList;
			buildConfigurations = (
				CF927C4724EB897E00EB51F8 /* Debug */,
				CF927C4824EB897E00EB51F8 /* Release */,
			);
			defaultConfigurationIsVisible = 0;
			defaultConfigurationName = Release;
		};
		CF927C4924EB897E00EB51F8 /* Build configuration list for PBXNativeTarget "Yosomono" */ = {
			isa = XCConfigurationList;
			buildConfigurations = (
				CF927C4A24EB897E00EB51F8 /* Debug */,
				CF927C4B24EB897E00EB51F8 /* Release */,
			);
			defaultConfigurationIsVisible = 0;
			defaultConfigurationName = Release;
		};
		CF927C4C24EB897E00EB51F8 /* Build configuration list for PBXNativeTarget "YosomonoTests" */ = {
			isa = XCConfigurationList;
			buildConfigurations = (
				CF927C4D24EB897E00EB51F8 /* Debug */,
				CF927C4E24EB897E00EB51F8 /* Release */,
			);
			defaultConfigurationIsVisible = 0;
			defaultConfigurationName = Release;
		};
		CF927C4F24EB897E00EB51F8 /* Build configuration list for PBXNativeTarget "YosomonoUITests" */ = {
			isa = XCConfigurationList;
			buildConfigurations = (
				CF927C5024EB897E00EB51F8 /* Debug */,
				CF927C5124EB897E00EB51F8 /* Release */,
			);
			defaultConfigurationIsVisible = 0;
			defaultConfigurationName = Release;
		};
/* End XCConfigurationList section */
	};
	rootObject = CF927C1724EB897D00EB51F8 /* Project object */;
}
