// !$*UTF8*$!
{
	archiveVersion = 1;
	classes = {
	};
	objectVersion = 51;
	objects = {

/* Begin PBXBuildFile section */
		55D2A097A22026C045965D01 /* Pods_Yosomono_YosomonoUITests.framework in Frameworks */ = {isa = PBXBuildFile; fileRef = 5C5EFF3A557D5DAA21EFFFBB /* Pods_Yosomono_YosomonoUITests.framework */; };
		5F0127F06E69364919A3F02C /* Pods_YosomonoTests.framework in Frameworks */ = {isa = PBXBuildFile; fileRef = 10C572A6C073D1D056FE52CF /* Pods_YosomonoTests.framework */; };
		D415A4C42443C82700C094A2 /* AppDelegate.swift in Sources */ = {isa = PBXBuildFile; fileRef = D415A4C32443C82700C094A2 /* AppDelegate.swift */; };
		D415A4C62443C82700C094A2 /* SceneDelegate.swift in Sources */ = {isa = PBXBuildFile; fileRef = D415A4C52443C82700C094A2 /* SceneDelegate.swift */; };
		D415A4C82443C82700C094A2 /* FirstViewController.swift in Sources */ = {isa = PBXBuildFile; fileRef = D415A4C72443C82700C094A2 /* FirstViewController.swift */; };
		D415A4CA2443C82700C094A2 /* SecondViewController.swift in Sources */ = {isa = PBXBuildFile; fileRef = D415A4C92443C82700C094A2 /* SecondViewController.swift */; };
		D415A4CD2443C82700C094A2 /* Main.storyboard in Resources */ = {isa = PBXBuildFile; fileRef = D415A4CB2443C82700C094A2 /* Main.storyboard */; };
		D415A4CF2443C82900C094A2 /* Assets.xcassets in Resources */ = {isa = PBXBuildFile; fileRef = D415A4CE2443C82900C094A2 /* Assets.xcassets */; };
		D415A4D22443C82900C094A2 /* LaunchScreen.storyboard in Resources */ = {isa = PBXBuildFile; fileRef = D415A4D02443C82900C094A2 /* LaunchScreen.storyboard */; };
		D415A4DD2443C82A00C094A2 /* YosomonoTests.swift in Sources */ = {isa = PBXBuildFile; fileRef = D415A4DC2443C82A00C094A2 /* YosomonoTests.swift */; };
		D415A4E82443C82A00C094A2 /* YosomonoUITests.swift in Sources */ = {isa = PBXBuildFile; fileRef = D415A4E72443C82A00C094A2 /* YosomonoUITests.swift */; };
		D45D07BE244401520042406E /* GoogleService-Info.plist in Resources */ = {isa = PBXBuildFile; fileRef = D45D07BD244401520042406E /* GoogleService-Info.plist */; };
		F611DEFF7B5E1D87AD2C473B /* Pods_Yosomono.framework in Frameworks */ = {isa = PBXBuildFile; fileRef = 06D71C99DC027CB7FF4E01D5 /* Pods_Yosomono.framework */; };
/* End PBXBuildFile section */

/* Begin PBXContainerItemProxy section */
		D415A4D92443C82A00C094A2 /* PBXContainerItemProxy */ = {
			isa = PBXContainerItemProxy;
			containerPortal = D415A4B82443C82700C094A2 /* Project object */;
			proxyType = 1;
			remoteGlobalIDString = D415A4BF2443C82700C094A2;
			remoteInfo = Yosomono;
		};
		D415A4E42443C82A00C094A2 /* PBXContainerItemProxy */ = {
			isa = PBXContainerItemProxy;
			containerPortal = D415A4B82443C82700C094A2 /* Project object */;
			proxyType = 1;
			remoteGlobalIDString = D415A4BF2443C82700C094A2;
			remoteInfo = Yosomono;
		};
/* End PBXContainerItemProxy section */

/* Begin PBXFileReference section */
		06D71C99DC027CB7FF4E01D5 /* Pods_Yosomono.framework */ = {isa = PBXFileReference; explicitFileType = wrapper.framework; includeInIndex = 0; path = Pods_Yosomono.framework; sourceTree = BUILT_PRODUCTS_DIR; };
		10C572A6C073D1D056FE52CF /* Pods_YosomonoTests.framework */ = {isa = PBXFileReference; explicitFileType = wrapper.framework; includeInIndex = 0; path = Pods_YosomonoTests.framework; sourceTree = BUILT_PRODUCTS_DIR; };
		28C960711F29BB4CD62F905D /* Pods-YosomonoTests.release.xcconfig */ = {isa = PBXFileReference; includeInIndex = 1; lastKnownFileType = text.xcconfig; name = "Pods-YosomonoTests.release.xcconfig"; path = "Target Support Files/Pods-YosomonoTests/Pods-YosomonoTests.release.xcconfig"; sourceTree = "<group>"; };
		428D2452DABE948001AAE9A9 /* Pods-Yosomono.release.xcconfig */ = {isa = PBXFileReference; includeInIndex = 1; lastKnownFileType = text.xcconfig; name = "Pods-Yosomono.release.xcconfig"; path = "Target Support Files/Pods-Yosomono/Pods-Yosomono.release.xcconfig"; sourceTree = "<group>"; };
		45EEC102E715C00337521981 /* Pods-Yosomono-YosomonoUITests.release.xcconfig */ = {isa = PBXFileReference; includeInIndex = 1; lastKnownFileType = text.xcconfig; name = "Pods-Yosomono-YosomonoUITests.release.xcconfig"; path = "Target Support Files/Pods-Yosomono-YosomonoUITests/Pods-Yosomono-YosomonoUITests.release.xcconfig"; sourceTree = "<group>"; };
		5C5EFF3A557D5DAA21EFFFBB /* Pods_Yosomono_YosomonoUITests.framework */ = {isa = PBXFileReference; explicitFileType = wrapper.framework; includeInIndex = 0; path = Pods_Yosomono_YosomonoUITests.framework; sourceTree = BUILT_PRODUCTS_DIR; };
		D415A4C02443C82700C094A2 /* Yosomono.app */ = {isa = PBXFileReference; explicitFileType = wrapper.application; includeInIndex = 0; path = Yosomono.app; sourceTree = BUILT_PRODUCTS_DIR; };
		D415A4C32443C82700C094A2 /* AppDelegate.swift */ = {isa = PBXFileReference; lastKnownFileType = sourcecode.swift; path = AppDelegate.swift; sourceTree = "<group>"; };
		D415A4C52443C82700C094A2 /* SceneDelegate.swift */ = {isa = PBXFileReference; lastKnownFileType = sourcecode.swift; path = SceneDelegate.swift; sourceTree = "<group>"; };
		D415A4C72443C82700C094A2 /* FirstViewController.swift */ = {isa = PBXFileReference; lastKnownFileType = sourcecode.swift; path = FirstViewController.swift; sourceTree = "<group>"; };
		D415A4C92443C82700C094A2 /* SecondViewController.swift */ = {isa = PBXFileReference; lastKnownFileType = sourcecode.swift; path = SecondViewController.swift; sourceTree = "<group>"; };
		D415A4CC2443C82700C094A2 /* Base */ = {isa = PBXFileReference; lastKnownFileType = file.storyboard; name = Base; path = Base.lproj/Main.storyboard; sourceTree = "<group>"; };
		D415A4CE2443C82900C094A2 /* Assets.xcassets */ = {isa = PBXFileReference; lastKnownFileType = folder.assetcatalog; path = Assets.xcassets; sourceTree = "<group>"; };
		D415A4D12443C82900C094A2 /* Base */ = {isa = PBXFileReference; lastKnownFileType = file.storyboard; name = Base; path = Base.lproj/LaunchScreen.storyboard; sourceTree = "<group>"; };
		D415A4D32443C82900C094A2 /* Info.plist */ = {isa = PBXFileReference; lastKnownFileType = text.plist.xml; path = Info.plist; sourceTree = "<group>"; };
		D415A4D82443C82A00C094A2 /* YosomonoTests.xctest */ = {isa = PBXFileReference; explicitFileType = wrapper.cfbundle; includeInIndex = 0; path = YosomonoTests.xctest; sourceTree = BUILT_PRODUCTS_DIR; };
		D415A4DC2443C82A00C094A2 /* YosomonoTests.swift */ = {isa = PBXFileReference; lastKnownFileType = sourcecode.swift; path = YosomonoTests.swift; sourceTree = "<group>"; };
		D415A4DE2443C82A00C094A2 /* Info.plist */ = {isa = PBXFileReference; lastKnownFileType = text.plist.xml; path = Info.plist; sourceTree = "<group>"; };
		D415A4E32443C82A00C094A2 /* YosomonoUITests.xctest */ = {isa = PBXFileReference; explicitFileType = wrapper.cfbundle; includeInIndex = 0; path = YosomonoUITests.xctest; sourceTree = BUILT_PRODUCTS_DIR; };
		D415A4E72443C82A00C094A2 /* YosomonoUITests.swift */ = {isa = PBXFileReference; lastKnownFileType = sourcecode.swift; path = YosomonoUITests.swift; sourceTree = "<group>"; };
		D415A4E92443C82A00C094A2 /* Info.plist */ = {isa = PBXFileReference; lastKnownFileType = text.plist.xml; path = Info.plist; sourceTree = "<group>"; };
		D45D07BD244401520042406E /* GoogleService-Info.plist */ = {isa = PBXFileReference; fileEncoding = 4; lastKnownFileType = text.plist.xml; path = "GoogleService-Info.plist"; sourceTree = "<group>"; };
		E0EF6EF42C259A3A65975CBC /* Pods-Yosomono-YosomonoUITests.debug.xcconfig */ = {isa = PBXFileReference; includeInIndex = 1; lastKnownFileType = text.xcconfig; name = "Pods-Yosomono-YosomonoUITests.debug.xcconfig"; path = "Target Support Files/Pods-Yosomono-YosomonoUITests/Pods-Yosomono-YosomonoUITests.debug.xcconfig"; sourceTree = "<group>"; };
		E42391ACFD376D70A901F4B7 /* Pods-YosomonoTests.debug.xcconfig */ = {isa = PBXFileReference; includeInIndex = 1; lastKnownFileType = text.xcconfig; name = "Pods-YosomonoTests.debug.xcconfig"; path = "Target Support Files/Pods-YosomonoTests/Pods-YosomonoTests.debug.xcconfig"; sourceTree = "<group>"; };
		FB9575C4BD27EF9E67E0503C /* Pods-Yosomono.debug.xcconfig */ = {isa = PBXFileReference; includeInIndex = 1; lastKnownFileType = text.xcconfig; name = "Pods-Yosomono.debug.xcconfig"; path = "Target Support Files/Pods-Yosomono/Pods-Yosomono.debug.xcconfig"; sourceTree = "<group>"; };
/* End PBXFileReference section */

/* Begin PBXFrameworksBuildPhase section */
		D415A4BD2443C82700C094A2 /* Frameworks */ = {
			isa = PBXFrameworksBuildPhase;
			buildActionMask = 2147483647;
			files = (
				F611DEFF7B5E1D87AD2C473B /* Pods_Yosomono.framework in Frameworks */,
			);
			runOnlyForDeploymentPostprocessing = 0;
		};
		D415A4D52443C82A00C094A2 /* Frameworks */ = {
			isa = PBXFrameworksBuildPhase;
			buildActionMask = 2147483647;
			files = (
				5F0127F06E69364919A3F02C /* Pods_YosomonoTests.framework in Frameworks */,
			);
			runOnlyForDeploymentPostprocessing = 0;
		};
		D415A4E02443C82A00C094A2 /* Frameworks */ = {
			isa = PBXFrameworksBuildPhase;
			buildActionMask = 2147483647;
			files = (
				55D2A097A22026C045965D01 /* Pods_Yosomono_YosomonoUITests.framework in Frameworks */,
			);
			runOnlyForDeploymentPostprocessing = 0;
		};
/* End PBXFrameworksBuildPhase section */

/* Begin PBXGroup section */
		457F1EE33943AE9A7A72F1B8 /* Pods */ = {
			isa = PBXGroup;
			children = (
				FB9575C4BD27EF9E67E0503C /* Pods-Yosomono.debug.xcconfig */,
				428D2452DABE948001AAE9A9 /* Pods-Yosomono.release.xcconfig */,
				E0EF6EF42C259A3A65975CBC /* Pods-Yosomono-YosomonoUITests.debug.xcconfig */,
				45EEC102E715C00337521981 /* Pods-Yosomono-YosomonoUITests.release.xcconfig */,
				E42391ACFD376D70A901F4B7 /* Pods-YosomonoTests.debug.xcconfig */,
				28C960711F29BB4CD62F905D /* Pods-YosomonoTests.release.xcconfig */,
			);
			path = Pods;
			sourceTree = "<group>";
		};
		7AED5242F5A57792267FD14D /* Frameworks */ = {
			isa = PBXGroup;
			children = (
				06D71C99DC027CB7FF4E01D5 /* Pods_Yosomono.framework */,
				5C5EFF3A557D5DAA21EFFFBB /* Pods_Yosomono_YosomonoUITests.framework */,
				10C572A6C073D1D056FE52CF /* Pods_YosomonoTests.framework */,
			);
			name = Frameworks;
			sourceTree = "<group>";
		};
		D415A4B72443C82700C094A2 = {
			isa = PBXGroup;
			children = (
				D415A4C22443C82700C094A2 /* Yosomono */,
				D415A4DB2443C82A00C094A2 /* YosomonoTests */,
				D415A4E62443C82A00C094A2 /* YosomonoUITests */,
				D415A4C12443C82700C094A2 /* Products */,
				457F1EE33943AE9A7A72F1B8 /* Pods */,
				7AED5242F5A57792267FD14D /* Frameworks */,
			);
			sourceTree = "<group>";
		};
		D415A4C12443C82700C094A2 /* Products */ = {
			isa = PBXGroup;
			children = (
				D415A4C02443C82700C094A2 /* Yosomono.app */,
				D415A4D82443C82A00C094A2 /* YosomonoTests.xctest */,
				D415A4E32443C82A00C094A2 /* YosomonoUITests.xctest */,
			);
			name = Products;
			sourceTree = "<group>";
		};
		D415A4C22443C82700C094A2 /* Yosomono */ = {
			isa = PBXGroup;
			children = (
				D415A4C32443C82700C094A2 /* AppDelegate.swift */,
				D415A4C52443C82700C094A2 /* SceneDelegate.swift */,
				D415A4C72443C82700C094A2 /* FirstViewController.swift */,
				D415A4C92443C82700C094A2 /* SecondViewController.swift */,
				D415A4CB2443C82700C094A2 /* Main.storyboard */,
				D415A4CE2443C82900C094A2 /* Assets.xcassets */,
				D415A4D02443C82900C094A2 /* LaunchScreen.storyboard */,
				D415A4D32443C82900C094A2 /* Info.plist */,
				D45D07BD244401520042406E /* GoogleService-Info.plist */,
			);
			path = Yosomono;
			sourceTree = "<group>";
		};
		D415A4DB2443C82A00C094A2 /* YosomonoTests */ = {
			isa = PBXGroup;
			children = (
				D415A4DC2443C82A00C094A2 /* YosomonoTests.swift */,
				D415A4DE2443C82A00C094A2 /* Info.plist */,
			);
			path = YosomonoTests;
			sourceTree = "<group>";
		};
		D415A4E62443C82A00C094A2 /* YosomonoUITests */ = {
			isa = PBXGroup;
			children = (
				D415A4E72443C82A00C094A2 /* YosomonoUITests.swift */,
				D415A4E92443C82A00C094A2 /* Info.plist */,
			);
			path = YosomonoUITests;
			sourceTree = "<group>";
		};
/* End PBXGroup section */

/* Begin PBXNativeTarget section */
		D415A4BF2443C82700C094A2 /* Yosomono */ = {
			isa = PBXNativeTarget;
			buildConfigurationList = D415A4EC2443C82A00C094A2 /* Build configuration list for PBXNativeTarget "Yosomono" */;
			buildPhases = (
				2CFE48D9AD06C17E4B8F3AB5 /* [CP] Check Pods Manifest.lock */,
				D415A4BC2443C82700C094A2 /* Sources */,
				D415A4BD2443C82700C094A2 /* Frameworks */,
				D415A4BE2443C82700C094A2 /* Resources */,
				4A468AAC2C9A9AF6D2459E62 /* [CP] Embed Pods Frameworks */,
			);
			buildRules = (
			);
			dependencies = (
			);
			name = Yosomono;
			productName = Yosomono;
			productReference = D415A4C02443C82700C094A2 /* Yosomono.app */;
			productType = "com.apple.product-type.application";
		};
		D415A4D72443C82A00C094A2 /* YosomonoTests */ = {
			isa = PBXNativeTarget;
			buildConfigurationList = D415A4EF2443C82A00C094A2 /* Build configuration list for PBXNativeTarget "YosomonoTests" */;
			buildPhases = (
				B0A9EF6B901AA4984939C0C6 /* [CP] Check Pods Manifest.lock */,
				D415A4D42443C82A00C094A2 /* Sources */,
				D415A4D52443C82A00C094A2 /* Frameworks */,
				D415A4D62443C82A00C094A2 /* Resources */,
			);
			buildRules = (
			);
			dependencies = (
				D415A4DA2443C82A00C094A2 /* PBXTargetDependency */,
			);
			name = YosomonoTests;
			productName = YosomonoTests;
			productReference = D415A4D82443C82A00C094A2 /* YosomonoTests.xctest */;
			productType = "com.apple.product-type.bundle.unit-test";
		};
		D415A4E22443C82A00C094A2 /* YosomonoUITests */ = {
			isa = PBXNativeTarget;
			buildConfigurationList = D415A4F22443C82A00C094A2 /* Build configuration list for PBXNativeTarget "YosomonoUITests" */;
			buildPhases = (
				006958AC54246F07D3FAB580 /* [CP] Check Pods Manifest.lock */,
				D415A4DF2443C82A00C094A2 /* Sources */,
				D415A4E02443C82A00C094A2 /* Frameworks */,
				D415A4E12443C82A00C094A2 /* Resources */,
				16A4F02400B2E4A9CFB6B279 /* [CP] Embed Pods Frameworks */,
			);
			buildRules = (
			);
			dependencies = (
				D415A4E52443C82A00C094A2 /* PBXTargetDependency */,
			);
			name = YosomonoUITests;
			productName = YosomonoUITests;
			productReference = D415A4E32443C82A00C094A2 /* YosomonoUITests.xctest */;
			productType = "com.apple.product-type.bundle.ui-testing";
		};
/* End PBXNativeTarget section */

/* Begin PBXProject section */
		D415A4B82443C82700C094A2 /* Project object */ = {
			isa = PBXProject;
			attributes = {
				LastSwiftUpdateCheck = 1130;
				LastUpgradeCheck = 1130;
				ORGANIZATIONNAME = nozokada;
				TargetAttributes = {
					D415A4BF2443C82700C094A2 = {
						CreatedOnToolsVersion = 11.3;
					};
					D415A4D72443C82A00C094A2 = {
						CreatedOnToolsVersion = 11.3;
						TestTargetID = D415A4BF2443C82700C094A2;
					};
					D415A4E22443C82A00C094A2 = {
						CreatedOnToolsVersion = 11.3;
						TestTargetID = D415A4BF2443C82700C094A2;
					};
				};
			};
			buildConfigurationList = D415A4BB2443C82700C094A2 /* Build configuration list for PBXProject "Yosomono" */;
			compatibilityVersion = "Xcode 9.3";
			developmentRegion = en;
			hasScannedForEncodings = 0;
			knownRegions = (
				en,
				Base,
			);
			mainGroup = D415A4B72443C82700C094A2;
			productRefGroup = D415A4C12443C82700C094A2 /* Products */;
			projectDirPath = "";
			projectRoot = "";
			targets = (
				D415A4BF2443C82700C094A2 /* Yosomono */,
				D415A4D72443C82A00C094A2 /* YosomonoTests */,
				D415A4E22443C82A00C094A2 /* YosomonoUITests */,
			);
		};
/* End PBXProject section */

/* Begin PBXResourcesBuildPhase section */
		D415A4BE2443C82700C094A2 /* Resources */ = {
			isa = PBXResourcesBuildPhase;
			buildActionMask = 2147483647;
			files = (
				D415A4D22443C82900C094A2 /* LaunchScreen.storyboard in Resources */,
				D45D07BE244401520042406E /* GoogleService-Info.plist in Resources */,
				D415A4CF2443C82900C094A2 /* Assets.xcassets in Resources */,
				D415A4CD2443C82700C094A2 /* Main.storyboard in Resources */,
			);
			runOnlyForDeploymentPostprocessing = 0;
		};
		D415A4D62443C82A00C094A2 /* Resources */ = {
			isa = PBXResourcesBuildPhase;
			buildActionMask = 2147483647;
			files = (
			);
			runOnlyForDeploymentPostprocessing = 0;
		};
		D415A4E12443C82A00C094A2 /* Resources */ = {
			isa = PBXResourcesBuildPhase;
			buildActionMask = 2147483647;
			files = (
			);
			runOnlyForDeploymentPostprocessing = 0;
		};
/* End PBXResourcesBuildPhase section */

/* Begin PBXShellScriptBuildPhase section */
		006958AC54246F07D3FAB580 /* [CP] Check Pods Manifest.lock */ = {
			isa = PBXShellScriptBuildPhase;
			buildActionMask = 2147483647;
			files = (
			);
			inputFileListPaths = (
			);
			inputPaths = (
				"${PODS_PODFILE_DIR_PATH}/Podfile.lock",
				"${PODS_ROOT}/Manifest.lock",
			);
			name = "[CP] Check Pods Manifest.lock";
			outputFileListPaths = (
			);
			outputPaths = (
				"$(DERIVED_FILE_DIR)/Pods-Yosomono-YosomonoUITests-checkManifestLockResult.txt",
			);
			runOnlyForDeploymentPostprocessing = 0;
			shellPath = /bin/sh;
			shellScript = "diff \"${PODS_PODFILE_DIR_PATH}/Podfile.lock\" \"${PODS_ROOT}/Manifest.lock\" > /dev/null\nif [ $? != 0 ] ; then\n    # print error to STDERR\n    echo \"error: The sandbox is not in sync with the Podfile.lock. Run 'pod install' or update your CocoaPods installation.\" >&2\n    exit 1\nfi\n# This output is used by Xcode 'outputs' to avoid re-running this script phase.\necho \"SUCCESS\" > \"${SCRIPT_OUTPUT_FILE_0}\"\n";
			showEnvVarsInLog = 0;
		};
		16A4F02400B2E4A9CFB6B279 /* [CP] Embed Pods Frameworks */ = {
			isa = PBXShellScriptBuildPhase;
			buildActionMask = 2147483647;
			files = (
			);
			inputFileListPaths = (
				"${PODS_ROOT}/Target Support Files/Pods-Yosomono-YosomonoUITests/Pods-Yosomono-YosomonoUITests-frameworks-${CONFIGURATION}-input-files.xcfilelist",
			);
			name = "[CP] Embed Pods Frameworks";
			outputFileListPaths = (
				"${PODS_ROOT}/Target Support Files/Pods-Yosomono-YosomonoUITests/Pods-Yosomono-YosomonoUITests-frameworks-${CONFIGURATION}-output-files.xcfilelist",
			);
			runOnlyForDeploymentPostprocessing = 0;
			shellPath = /bin/sh;
			shellScript = "\"${PODS_ROOT}/Target Support Files/Pods-Yosomono-YosomonoUITests/Pods-Yosomono-YosomonoUITests-frameworks.sh\"\n";
			showEnvVarsInLog = 0;
		};
		2CFE48D9AD06C17E4B8F3AB5 /* [CP] Check Pods Manifest.lock */ = {
			isa = PBXShellScriptBuildPhase;
			buildActionMask = 2147483647;
			files = (
			);
			inputFileListPaths = (
			);
			inputPaths = (
				"${PODS_PODFILE_DIR_PATH}/Podfile.lock",
				"${PODS_ROOT}/Manifest.lock",
			);
			name = "[CP] Check Pods Manifest.lock";
			outputFileListPaths = (
			);
			outputPaths = (
				"$(DERIVED_FILE_DIR)/Pods-Yosomono-checkManifestLockResult.txt",
			);
			runOnlyForDeploymentPostprocessing = 0;
			shellPath = /bin/sh;
			shellScript = "diff \"${PODS_PODFILE_DIR_PATH}/Podfile.lock\" \"${PODS_ROOT}/Manifest.lock\" > /dev/null\nif [ $? != 0 ] ; then\n    # print error to STDERR\n    echo \"error: The sandbox is not in sync with the Podfile.lock. Run 'pod install' or update your CocoaPods installation.\" >&2\n    exit 1\nfi\n# This output is used by Xcode 'outputs' to avoid re-running this script phase.\necho \"SUCCESS\" > \"${SCRIPT_OUTPUT_FILE_0}\"\n";
			showEnvVarsInLog = 0;
		};
		4A468AAC2C9A9AF6D2459E62 /* [CP] Embed Pods Frameworks */ = {
			isa = PBXShellScriptBuildPhase;
			buildActionMask = 2147483647;
			files = (
			);
			inputFileListPaths = (
				"${PODS_ROOT}/Target Support Files/Pods-Yosomono/Pods-Yosomono-frameworks-${CONFIGURATION}-input-files.xcfilelist",
			);
			name = "[CP] Embed Pods Frameworks";
			outputFileListPaths = (
				"${PODS_ROOT}/Target Support Files/Pods-Yosomono/Pods-Yosomono-frameworks-${CONFIGURATION}-output-files.xcfilelist",
			);
			runOnlyForDeploymentPostprocessing = 0;
			shellPath = /bin/sh;
			shellScript = "\"${PODS_ROOT}/Target Support Files/Pods-Yosomono/Pods-Yosomono-frameworks.sh\"\n";
			showEnvVarsInLog = 0;
		};
		B0A9EF6B901AA4984939C0C6 /* [CP] Check Pods Manifest.lock */ = {
			isa = PBXShellScriptBuildPhase;
			buildActionMask = 2147483647;
			files = (
			);
			inputFileListPaths = (
			);
			inputPaths = (
				"${PODS_PODFILE_DIR_PATH}/Podfile.lock",
				"${PODS_ROOT}/Manifest.lock",
			);
			name = "[CP] Check Pods Manifest.lock";
			outputFileListPaths = (
			);
			outputPaths = (
				"$(DERIVED_FILE_DIR)/Pods-YosomonoTests-checkManifestLockResult.txt",
			);
			runOnlyForDeploymentPostprocessing = 0;
			shellPath = /bin/sh;
			shellScript = "diff \"${PODS_PODFILE_DIR_PATH}/Podfile.lock\" \"${PODS_ROOT}/Manifest.lock\" > /dev/null\nif [ $? != 0 ] ; then\n    # print error to STDERR\n    echo \"error: The sandbox is not in sync with the Podfile.lock. Run 'pod install' or update your CocoaPods installation.\" >&2\n    exit 1\nfi\n# This output is used by Xcode 'outputs' to avoid re-running this script phase.\necho \"SUCCESS\" > \"${SCRIPT_OUTPUT_FILE_0}\"\n";
			showEnvVarsInLog = 0;
		};
/* End PBXShellScriptBuildPhase section */

/* Begin PBXSourcesBuildPhase section */
		D415A4BC2443C82700C094A2 /* Sources */ = {
			isa = PBXSourcesBuildPhase;
			buildActionMask = 2147483647;
			files = (
				D415A4CA2443C82700C094A2 /* SecondViewController.swift in Sources */,
				D415A4C82443C82700C094A2 /* FirstViewController.swift in Sources */,
				D415A4C42443C82700C094A2 /* AppDelegate.swift in Sources */,
				D415A4C62443C82700C094A2 /* SceneDelegate.swift in Sources */,
			);
			runOnlyForDeploymentPostprocessing = 0;
		};
		D415A4D42443C82A00C094A2 /* Sources */ = {
			isa = PBXSourcesBuildPhase;
			buildActionMask = 2147483647;
			files = (
				D415A4DD2443C82A00C094A2 /* YosomonoTests.swift in Sources */,
			);
			runOnlyForDeploymentPostprocessing = 0;
		};
		D415A4DF2443C82A00C094A2 /* Sources */ = {
			isa = PBXSourcesBuildPhase;
			buildActionMask = 2147483647;
			files = (
				D415A4E82443C82A00C094A2 /* YosomonoUITests.swift in Sources */,
			);
			runOnlyForDeploymentPostprocessing = 0;
		};
/* End PBXSourcesBuildPhase section */

/* Begin PBXTargetDependency section */
		D415A4DA2443C82A00C094A2 /* PBXTargetDependency */ = {
			isa = PBXTargetDependency;
			target = D415A4BF2443C82700C094A2 /* Yosomono */;
			targetProxy = D415A4D92443C82A00C094A2 /* PBXContainerItemProxy */;
		};
		D415A4E52443C82A00C094A2 /* PBXTargetDependency */ = {
			isa = PBXTargetDependency;
			target = D415A4BF2443C82700C094A2 /* Yosomono */;
			targetProxy = D415A4E42443C82A00C094A2 /* PBXContainerItemProxy */;
		};
/* End PBXTargetDependency section */

/* Begin PBXVariantGroup section */
		D415A4CB2443C82700C094A2 /* Main.storyboard */ = {
			isa = PBXVariantGroup;
			children = (
				D415A4CC2443C82700C094A2 /* Base */,
			);
			name = Main.storyboard;
			sourceTree = "<group>";
		};
		D415A4D02443C82900C094A2 /* LaunchScreen.storyboard */ = {
			isa = PBXVariantGroup;
			children = (
				D415A4D12443C82900C094A2 /* Base */,
			);
			name = LaunchScreen.storyboard;
			sourceTree = "<group>";
		};
/* End PBXVariantGroup section */

/* Begin XCBuildConfiguration section */
		D415A4EA2443C82A00C094A2 /* Debug */ = {
			isa = XCBuildConfiguration;
			buildSettings = {
				ALWAYS_SEARCH_USER_PATHS = NO;
				CLANG_ANALYZER_NONNULL = YES;
				CLANG_ANALYZER_NUMBER_OBJECT_CONVERSION = YES_AGGRESSIVE;
				CLANG_CXX_LANGUAGE_STANDARD = "gnu++14";
				CLANG_CXX_LIBRARY = "libc++";
				CLANG_ENABLE_MODULES = YES;
				CLANG_ENABLE_OBJC_ARC = YES;
				CLANG_ENABLE_OBJC_WEAK = YES;
				CLANG_WARN_BLOCK_CAPTURE_AUTORELEASING = YES;
				CLANG_WARN_BOOL_CONVERSION = YES;
				CLANG_WARN_COMMA = YES;
				CLANG_WARN_CONSTANT_CONVERSION = YES;
				CLANG_WARN_DEPRECATED_OBJC_IMPLEMENTATIONS = YES;
				CLANG_WARN_DIRECT_OBJC_ISA_USAGE = YES_ERROR;
				CLANG_WARN_DOCUMENTATION_COMMENTS = YES;
				CLANG_WARN_EMPTY_BODY = YES;
				CLANG_WARN_ENUM_CONVERSION = YES;
				CLANG_WARN_INFINITE_RECURSION = YES;
				CLANG_WARN_INT_CONVERSION = YES;
				CLANG_WARN_NON_LITERAL_NULL_CONVERSION = YES;
				CLANG_WARN_OBJC_IMPLICIT_RETAIN_SELF = YES;
				CLANG_WARN_OBJC_LITERAL_CONVERSION = YES;
				CLANG_WARN_OBJC_ROOT_CLASS = YES_ERROR;
				CLANG_WARN_RANGE_LOOP_ANALYSIS = YES;
				CLANG_WARN_STRICT_PROTOTYPES = YES;
				CLANG_WARN_SUSPICIOUS_MOVE = YES;
				CLANG_WARN_UNGUARDED_AVAILABILITY = YES_AGGRESSIVE;
				CLANG_WARN_UNREACHABLE_CODE = YES;
				CLANG_WARN__DUPLICATE_METHOD_MATCH = YES;
				COPY_PHASE_STRIP = NO;
				DEBUG_INFORMATION_FORMAT = dwarf;
				ENABLE_STRICT_OBJC_MSGSEND = YES;
				ENABLE_TESTABILITY = YES;
				GCC_C_LANGUAGE_STANDARD = gnu11;
				GCC_DYNAMIC_NO_PIC = NO;
				GCC_NO_COMMON_BLOCKS = YES;
				GCC_OPTIMIZATION_LEVEL = 0;
				GCC_PREPROCESSOR_DEFINITIONS = (
					"DEBUG=1",
					"$(inherited)",
				);
				GCC_WARN_64_TO_32_BIT_CONVERSION = YES;
				GCC_WARN_ABOUT_RETURN_TYPE = YES_ERROR;
				GCC_WARN_UNDECLARED_SELECTOR = YES;
				GCC_WARN_UNINITIALIZED_AUTOS = YES_AGGRESSIVE;
				GCC_WARN_UNUSED_FUNCTION = YES;
				GCC_WARN_UNUSED_VARIABLE = YES;
				IPHONEOS_DEPLOYMENT_TARGET = 13.2;
				MTL_ENABLE_DEBUG_INFO = INCLUDE_SOURCE;
				MTL_FAST_MATH = YES;
				ONLY_ACTIVE_ARCH = YES;
				SDKROOT = iphoneos;
				SWIFT_ACTIVE_COMPILATION_CONDITIONS = DEBUG;
				SWIFT_OPTIMIZATION_LEVEL = "-Onone";
			};
			name = Debug;
		};
		D415A4EB2443C82A00C094A2 /* Release */ = {
			isa = XCBuildConfiguration;
			buildSettings = {
				ALWAYS_SEARCH_USER_PATHS = NO;
				CLANG_ANALYZER_NONNULL = YES;
				CLANG_ANALYZER_NUMBER_OBJECT_CONVERSION = YES_AGGRESSIVE;
				CLANG_CXX_LANGUAGE_STANDARD = "gnu++14";
				CLANG_CXX_LIBRARY = "libc++";
				CLANG_ENABLE_MODULES = YES;
				CLANG_ENABLE_OBJC_ARC = YES;
				CLANG_ENABLE_OBJC_WEAK = YES;
				CLANG_WARN_BLOCK_CAPTURE_AUTORELEASING = YES;
				CLANG_WARN_BOOL_CONVERSION = YES;
				CLANG_WARN_COMMA = YES;
				CLANG_WARN_CONSTANT_CONVERSION = YES;
				CLANG_WARN_DEPRECATED_OBJC_IMPLEMENTATIONS = YES;
				CLANG_WARN_DIRECT_OBJC_ISA_USAGE = YES_ERROR;
				CLANG_WARN_DOCUMENTATION_COMMENTS = YES;
				CLANG_WARN_EMPTY_BODY = YES;
				CLANG_WARN_ENUM_CONVERSION = YES;
				CLANG_WARN_INFINITE_RECURSION = YES;
				CLANG_WARN_INT_CONVERSION = YES;
				CLANG_WARN_NON_LITERAL_NULL_CONVERSION = YES;
				CLANG_WARN_OBJC_IMPLICIT_RETAIN_SELF = YES;
				CLANG_WARN_OBJC_LITERAL_CONVERSION = YES;
				CLANG_WARN_OBJC_ROOT_CLASS = YES_ERROR;
				CLANG_WARN_RANGE_LOOP_ANALYSIS = YES;
				CLANG_WARN_STRICT_PROTOTYPES = YES;
				CLANG_WARN_SUSPICIOUS_MOVE = YES;
				CLANG_WARN_UNGUARDED_AVAILABILITY = YES_AGGRESSIVE;
				CLANG_WARN_UNREACHABLE_CODE = YES;
				CLANG_WARN__DUPLICATE_METHOD_MATCH = YES;
				COPY_PHASE_STRIP = NO;
				DEBUG_INFORMATION_FORMAT = "dwarf-with-dsym";
				ENABLE_NS_ASSERTIONS = NO;
				ENABLE_STRICT_OBJC_MSGSEND = YES;
				GCC_C_LANGUAGE_STANDARD = gnu11;
				GCC_NO_COMMON_BLOCKS = YES;
				GCC_WARN_64_TO_32_BIT_CONVERSION = YES;
				GCC_WARN_ABOUT_RETURN_TYPE = YES_ERROR;
				GCC_WARN_UNDECLARED_SELECTOR = YES;
				GCC_WARN_UNINITIALIZED_AUTOS = YES_AGGRESSIVE;
				GCC_WARN_UNUSED_FUNCTION = YES;
				GCC_WARN_UNUSED_VARIABLE = YES;
				IPHONEOS_DEPLOYMENT_TARGET = 13.2;
				MTL_ENABLE_DEBUG_INFO = NO;
				MTL_FAST_MATH = YES;
				SDKROOT = iphoneos;
				SWIFT_COMPILATION_MODE = wholemodule;
				SWIFT_OPTIMIZATION_LEVEL = "-O";
				VALIDATE_PRODUCT = YES;
			};
			name = Release;
		};
		D415A4ED2443C82A00C094A2 /* Debug */ = {
			isa = XCBuildConfiguration;
			baseConfigurationReference = FB9575C4BD27EF9E67E0503C /* Pods-Yosomono.debug.xcconfig */;
			buildSettings = {
				ASSETCATALOG_COMPILER_APPICON_NAME = AppIcon;
				CODE_SIGN_STYLE = Automatic;
				DEVELOPMENT_TEAM = EPF2DMU2WE;
				INFOPLIST_FILE = Yosomono/Info.plist;
				LD_RUNPATH_SEARCH_PATHS = (
					"$(inherited)",
					"@executable_path/Frameworks",
				);
				PRODUCT_BUNDLE_IDENTIFIER = com.nozokada.Yosomono;
				PRODUCT_NAME = "$(TARGET_NAME)";
				SWIFT_VERSION = 5.0;
				TARGETED_DEVICE_FAMILY = "1,2";
			};
			name = Debug;
		};
		D415A4EE2443C82A00C094A2 /* Release */ = {
			isa = XCBuildConfiguration;
			baseConfigurationReference = 428D2452DABE948001AAE9A9 /* Pods-Yosomono.release.xcconfig */;
			buildSettings = {
				ASSETCATALOG_COMPILER_APPICON_NAME = AppIcon;
				CODE_SIGN_STYLE = Automatic;
				DEVELOPMENT_TEAM = EPF2DMU2WE;
				INFOPLIST_FILE = Yosomono/Info.plist;
				LD_RUNPATH_SEARCH_PATHS = (
					"$(inherited)",
					"@executable_path/Frameworks",
				);
				PRODUCT_BUNDLE_IDENTIFIER = com.nozokada.Yosomono;
				PRODUCT_NAME = "$(TARGET_NAME)";
				SWIFT_VERSION = 5.0;
				TARGETED_DEVICE_FAMILY = "1,2";
			};
			name = Release;
		};
		D415A4F02443C82A00C094A2 /* Debug */ = {
			isa = XCBuildConfiguration;
			baseConfigurationReference = E42391ACFD376D70A901F4B7 /* Pods-YosomonoTests.debug.xcconfig */;
			buildSettings = {
				ALWAYS_EMBED_SWIFT_STANDARD_LIBRARIES = YES;
				BUNDLE_LOADER = "$(TEST_HOST)";
				CODE_SIGN_STYLE = Automatic;
				DEVELOPMENT_TEAM = EPF2DMU2WE;
				INFOPLIST_FILE = YosomonoTests/Info.plist;
				IPHONEOS_DEPLOYMENT_TARGET = 13.2;
				LD_RUNPATH_SEARCH_PATHS = (
					"$(inherited)",
					"@executable_path/Frameworks",
					"@loader_path/Frameworks",
				);
				PRODUCT_BUNDLE_IDENTIFIER = com.nozokada.YosomonoTests;
				PRODUCT_NAME = "$(TARGET_NAME)";
				SWIFT_VERSION = 5.0;
				TARGETED_DEVICE_FAMILY = "1,2";
				TEST_HOST = "$(BUILT_PRODUCTS_DIR)/Yosomono.app/Yosomono";
			};
			name = Debug;
		};
		D415A4F12443C82A00C094A2 /* Release */ = {
			isa = XCBuildConfiguration;
			baseConfigurationReference = 28C960711F29BB4CD62F905D /* Pods-YosomonoTests.release.xcconfig */;
			buildSettings = {
				ALWAYS_EMBED_SWIFT_STANDARD_LIBRARIES = YES;
				BUNDLE_LOADER = "$(TEST_HOST)";
				CODE_SIGN_STYLE = Automatic;
				DEVELOPMENT_TEAM = EPF2DMU2WE;
				INFOPLIST_FILE = YosomonoTests/Info.plist;
				IPHONEOS_DEPLOYMENT_TARGET = 13.2;
				LD_RUNPATH_SEARCH_PATHS = (
					"$(inherited)",
					"@executable_path/Frameworks",
					"@loader_path/Frameworks",
				);
				PRODUCT_BUNDLE_IDENTIFIER = com.nozokada.YosomonoTests;
				PRODUCT_NAME = "$(TARGET_NAME)";
				SWIFT_VERSION = 5.0;
				TARGETED_DEVICE_FAMILY = "1,2";
				TEST_HOST = "$(BUILT_PRODUCTS_DIR)/Yosomono.app/Yosomono";
			};
			name = Release;
		};
		D415A4F32443C82A00C094A2 /* Debug */ = {
			isa = XCBuildConfiguration;
			baseConfigurationReference = E0EF6EF42C259A3A65975CBC /* Pods-Yosomono-YosomonoUITests.debug.xcconfig */;
			buildSettings = {
				ALWAYS_EMBED_SWIFT_STANDARD_LIBRARIES = YES;
				CODE_SIGN_STYLE = Automatic;
				DEVELOPMENT_TEAM = EPF2DMU2WE;
				INFOPLIST_FILE = YosomonoUITests/Info.plist;
				LD_RUNPATH_SEARCH_PATHS = (
					"$(inherited)",
					"@executable_path/Frameworks",
					"@loader_path/Frameworks",
				);
				PRODUCT_BUNDLE_IDENTIFIER = com.nozokada.YosomonoUITests;
				PRODUCT_NAME = "$(TARGET_NAME)";
				SWIFT_VERSION = 5.0;
				TARGETED_DEVICE_FAMILY = "1,2";
				TEST_TARGET_NAME = Yosomono;
			};
			name = Debug;
		};
		D415A4F42443C82A00C094A2 /* Release */ = {
			isa = XCBuildConfiguration;
			baseConfigurationReference = 45EEC102E715C00337521981 /* Pods-Yosomono-YosomonoUITests.release.xcconfig */;
			buildSettings = {
				ALWAYS_EMBED_SWIFT_STANDARD_LIBRARIES = YES;
				CODE_SIGN_STYLE = Automatic;
				DEVELOPMENT_TEAM = EPF2DMU2WE;
				INFOPLIST_FILE = YosomonoUITests/Info.plist;
				LD_RUNPATH_SEARCH_PATHS = (
					"$(inherited)",
					"@executable_path/Frameworks",
					"@loader_path/Frameworks",
				);
				PRODUCT_BUNDLE_IDENTIFIER = com.nozokada.YosomonoUITests;
				PRODUCT_NAME = "$(TARGET_NAME)";
				SWIFT_VERSION = 5.0;
				TARGETED_DEVICE_FAMILY = "1,2";
				TEST_TARGET_NAME = Yosomono;
			};
			name = Release;
		};
/* End XCBuildConfiguration section */

/* Begin XCConfigurationList section */
		D415A4BB2443C82700C094A2 /* Build configuration list for PBXProject "Yosomono" */ = {
			isa = XCConfigurationList;
			buildConfigurations = (
				D415A4EA2443C82A00C094A2 /* Debug */,
				D415A4EB2443C82A00C094A2 /* Release */,
			);
			defaultConfigurationIsVisible = 0;
			defaultConfigurationName = Release;
		};
		D415A4EC2443C82A00C094A2 /* Build configuration list for PBXNativeTarget "Yosomono" */ = {
			isa = XCConfigurationList;
			buildConfigurations = (
				D415A4ED2443C82A00C094A2 /* Debug */,
				D415A4EE2443C82A00C094A2 /* Release */,
			);
			defaultConfigurationIsVisible = 0;
			defaultConfigurationName = Release;
		};
		D415A4EF2443C82A00C094A2 /* Build configuration list for PBXNativeTarget "YosomonoTests" */ = {
			isa = XCConfigurationList;
			buildConfigurations = (
				D415A4F02443C82A00C094A2 /* Debug */,
				D415A4F12443C82A00C094A2 /* Release */,
			);
			defaultConfigurationIsVisible = 0;
			defaultConfigurationName = Release;
		};
		D415A4F22443C82A00C094A2 /* Build configuration list for PBXNativeTarget "YosomonoUITests" */ = {
			isa = XCConfigurationList;
			buildConfigurations = (
				D415A4F32443C82A00C094A2 /* Debug */,
				D415A4F42443C82A00C094A2 /* Release */,
			);
			defaultConfigurationIsVisible = 0;
			defaultConfigurationName = Release;
		};
/* End XCConfigurationList section */
	};
	rootObject = D415A4B82443C82700C094A2 /* Project object */;
}
